
Microsoft Visual Studio Solution File, Format Version 12.00
# Visual Studio 15
VisualStudioVersion = 15.0.26124.0
MinimumVisualStudioVersion = 15.0.26124.0
Project("{FAE04EC0-301F-11D3-BF4B-00C04F79EFBC}") = "R5T.Coventry.Construction", "R5T.Coventry.Construction\R5T.Coventry.Construction.csproj", "{A4776064-8ACA-4A13-9BA6-C6FB461DA4D7}"
EndProject
Project("{FAE04EC0-301F-11D3-BF4B-00C04F79EFBC}") = "R5T.Coventry", "R5T.Coventry\R5T.Coventry.csproj", "{25CF7474-50AC-40B9-9F3C-D2A0A068C712}"
EndProject
Project("{FAE04EC0-301F-11D3-BF4B-00C04F79EFBC}") = "R5T.Coventry.Testing", "R5T.Coventry.Testing\R5T.Coventry.Testing.csproj", "{193E192C-0568-4532-A927-BDE83C3BA177}"
EndProject
Global
	GlobalSection(SolutionConfigurationPlatforms) = preSolution
		Debug|Any CPU = Debug|Any CPU
		Debug|x64 = Debug|x64
		Debug|x86 = Debug|x86
		Release|Any CPU = Release|Any CPU
		Release|x64 = Release|x64
		Release|x86 = Release|x86
	EndGlobalSection
	GlobalSection(SolutionProperties) = preSolution
		HideSolutionNode = FALSE
	EndGlobalSection
	GlobalSection(ProjectConfigurationPlatforms) = postSolution
		{A4776064-8ACA-4A13-9BA6-C6FB461DA4D7}.Debug|Any CPU.ActiveCfg = Debug|Any CPU
		{A4776064-8ACA-4A13-9BA6-C6FB461DA4D7}.Debug|Any CPU.Build.0 = Debug|Any CPU
		{A4776064-8ACA-4A13-9BA6-C6FB461DA4D7}.Debug|x64.ActiveCfg = Debug|Any CPU
		{A4776064-8ACA-4A13-9BA6-C6FB461DA4D7}.Debug|x64.Build.0 = Debug|Any CPU
		{A4776064-8ACA-4A13-9BA6-C6FB461DA4D7}.Debug|x86.ActiveCfg = Debug|Any CPU
		{A4776064-8ACA-4A13-9BA6-C6FB461DA4D7}.Debug|x86.Build.0 = Debug|Any CPU
		{A4776064-8ACA-4A13-9BA6-C6FB461DA4D7}.Release|Any CPU.ActiveCfg = Release|Any CPU
		{A4776064-8ACA-4A13-9BA6-C6FB461DA4D7}.Release|Any CPU.Build.0 = Release|Any CPU
		{A4776064-8ACA-4A13-9BA6-C6FB461DA4D7}.Release|x64.ActiveCfg = Release|Any CPU
		{A4776064-8ACA-4A13-9BA6-C6FB461DA4D7}.Release|x64.Build.0 = Release|Any CPU
		{A4776064-8ACA-4A13-9BA6-C6FB461DA4D7}.Release|x86.ActiveCfg = Release|Any CPU
		{A4776064-8ACA-4A13-9BA6-C6FB461DA4D7}.Release|x86.Build.0 = Release|Any CPU
		{25CF7474-50AC-40B9-9F3C-D2A0A068C712}.Debug|Any CPU.ActiveCfg = Debug|Any CPU
		{25CF7474-50AC-40B9-9F3C-D2A0A068C712}.Debug|Any CPU.Build.0 = Debug|Any CPU
		{25CF7474-50AC-40B9-9F3C-D2A0A068C712}.Debug|x64.ActiveCfg = Debug|Any CPU
		{25CF7474-50AC-40B9-9F3C-D2A0A068C712}.Debug|x64.Build.0 = Debug|Any CPU
		{25CF7474-50AC-40B9-9F3C-D2A0A068C712}.Debug|x86.ActiveCfg = Debug|Any CPU
		{25CF7474-50AC-40B9-9F3C-D2A0A068C712}.Debug|x86.Build.0 = Debug|Any CPU
		{25CF7474-50AC-40B9-9F3C-D2A0A068C712}.Release|Any CPU.ActiveCfg = Release|Any CPU
		{25CF7474-50AC-40B9-9F3C-D2A0A068C712}.Release|Any CPU.Build.0 = Release|Any CPU
		{25CF7474-50AC-40B9-9F3C-D2A0A068C712}.Release|x64.ActiveCfg = Release|Any CPU
		{25CF7474-50AC-40B9-9F3C-D2A0A068C712}.Release|x64.Build.0 = Release|Any CPU
		{25CF7474-50AC-40B9-9F3C-D2A0A068C712}.Release|x86.ActiveCfg = Release|Any CPU
		{25CF7474-50AC-40B9-9F3C-D2A0A068C712}.Release|x86.Build.0 = Release|Any CPU
		{193E192C-0568-4532-A927-BDE83C3BA177}.Debug|Any CPU.ActiveCfg = Debug|Any CPU
		{193E192C-0568-4532-A927-BDE83C3BA177}.Debug|Any CPU.Build.0 = Debug|Any CPU
		{193E192C-0568-4532-A927-BDE83C3BA177}.Debug|x64.ActiveCfg = Debug|Any CPU
		{193E192C-0568-4532-A927-BDE83C3BA177}.Debug|x64.Build.0 = Debug|Any CPU
		{193E192C-0568-4532-A927-BDE83C3BA177}.Debug|x86.ActiveCfg = Debug|Any CPU
		{193E192C-0568-4532-A927-BDE83C3BA177}.Debug|x86.Build.0 = Debug|Any CPU
		{193E192C-0568-4532-A927-BDE83C3BA177}.Release|Any CPU.ActiveCfg = Release|Any CPU
		{193E192C-0568-4532-A927-BDE83C3BA177}.Release|Any CPU.Build.0 = Release|Any CPU
		{193E192C-0568-4532-A927-BDE83C3BA177}.Release|x64.ActiveCfg = Release|Any CPU
		{193E192C-0568-4532-A927-BDE83C3BA177}.Release|x64.Build.0 = Release|Any CPU
		{193E192C-0568-4532-A927-BDE83C3BA177}.Release|x86.ActiveCfg = Release|Any CPU
		{193E192C-0568-4532-A927-BDE83C3BA177}.Release|x86.Build.0 = Release|Any CPU
	EndGlobalSection
EndGlobal
