
Microsoft Visual Studio Solution File, Format Version 12.00
# Visual Studio Version 16
VisualStudioVersion = 16.0.30114.105
MinimumVisualStudioVersion = 10.0.40219.1
Project("{FAE04EC0-301F-11D3-BF4B-00C04F79EFBC}") = "R5T.Coventry", "R5T.Coventry\R5T.Coventry.csproj", "{947DA0DD-1F0A-4594-9836-9BEB140B2D5C}"
EndProject
Project("{FAE04EC0-301F-11D3-BF4B-00C04F79EFBC}") = "R5T.Coventry.Construction", "R5T.Coventry.Construction\R5T.Coventry.Construction.csproj", "{73829ED2-A6EA-4212-B4A5-C2A62AE5B1E2}"
EndProject
Project("{FAE04EC0-301F-11D3-BF4B-00C04F79EFBC}") = "R5T.Coventry.Testing", "R5T.Coventry.Testing\R5T.Coventry.Testing.csproj", "{4E2103B2-B2A3-4C2C-BD8C-516F4357915E}"
EndProject
Project("{2150E333-8FDC-42A3-9474-1A3956D46DE8}") = "_Dependencies", "_Dependencies", "{1BC3552D-98AF-48AD-88A5-8055BA901E14}"
EndProject
Project("{FAE04EC0-301F-11D3-BF4B-00C04F79EFBC}") = "R5T.T0064", "..\..\R5T.T0064\source\R5T.T0064\R5T.T0064.csproj", "{645EC959-0AE7-44AE-801F-7FF8D2A10E93}"
EndProject
Global
	GlobalSection(SolutionConfigurationPlatforms) = preSolution
		Debug|Any CPU = Debug|Any CPU
		Debug|x64 = Debug|x64
		Debug|x86 = Debug|x86
		Release|Any CPU = Release|Any CPU
		Release|x64 = Release|x64
		Release|x86 = Release|x86
	EndGlobalSection
	GlobalSection(SolutionProperties) = preSolution
		HideSolutionNode = FALSE
	EndGlobalSection
	GlobalSection(ProjectConfigurationPlatforms) = postSolution
		{947DA0DD-1F0A-4594-9836-9BEB140B2D5C}.Debug|Any CPU.ActiveCfg = Debug|Any CPU
		{947DA0DD-1F0A-4594-9836-9BEB140B2D5C}.Debug|Any CPU.Build.0 = Debug|Any CPU
		{947DA0DD-1F0A-4594-9836-9BEB140B2D5C}.Debug|x64.ActiveCfg = Debug|Any CPU
		{947DA0DD-1F0A-4594-9836-9BEB140B2D5C}.Debug|x64.Build.0 = Debug|Any CPU
		{947DA0DD-1F0A-4594-9836-9BEB140B2D5C}.Debug|x86.ActiveCfg = Debug|Any CPU
		{947DA0DD-1F0A-4594-9836-9BEB140B2D5C}.Debug|x86.Build.0 = Debug|Any CPU
		{947DA0DD-1F0A-4594-9836-9BEB140B2D5C}.Release|Any CPU.ActiveCfg = Release|Any CPU
		{947DA0DD-1F0A-4594-9836-9BEB140B2D5C}.Release|Any CPU.Build.0 = Release|Any CPU
		{947DA0DD-1F0A-4594-9836-9BEB140B2D5C}.Release|x64.ActiveCfg = Release|Any CPU
		{947DA0DD-1F0A-4594-9836-9BEB140B2D5C}.Release|x64.Build.0 = Release|Any CPU
		{947DA0DD-1F0A-4594-9836-9BEB140B2D5C}.Release|x86.ActiveCfg = Release|Any CPU
		{947DA0DD-1F0A-4594-9836-9BEB140B2D5C}.Release|x86.Build.0 = Release|Any CPU
		{73829ED2-A6EA-4212-B4A5-C2A62AE5B1E2}.Debug|Any CPU.ActiveCfg = Debug|Any CPU
		{73829ED2-A6EA-4212-B4A5-C2A62AE5B1E2}.Debug|Any CPU.Build.0 = Debug|Any CPU
		{73829ED2-A6EA-4212-B4A5-C2A62AE5B1E2}.Debug|x64.ActiveCfg = Debug|Any CPU
		{73829ED2-A6EA-4212-B4A5-C2A62AE5B1E2}.Debug|x64.Build.0 = Debug|Any CPU
		{73829ED2-A6EA-4212-B4A5-C2A62AE5B1E2}.Debug|x86.ActiveCfg = Debug|Any CPU
		{73829ED2-A6EA-4212-B4A5-C2A62AE5B1E2}.Debug|x86.Build.0 = Debug|Any CPU
		{73829ED2-A6EA-4212-B4A5-C2A62AE5B1E2}.Release|Any CPU.ActiveCfg = Release|Any CPU
		{73829ED2-A6EA-4212-B4A5-C2A62AE5B1E2}.Release|Any CPU.Build.0 = Release|Any CPU
		{73829ED2-A6EA-4212-B4A5-C2A62AE5B1E2}.Release|x64.ActiveCfg = Release|Any CPU
		{73829ED2-A6EA-4212-B4A5-C2A62AE5B1E2}.Release|x64.Build.0 = Release|Any CPU
		{73829ED2-A6EA-4212-B4A5-C2A62AE5B1E2}.Release|x86.ActiveCfg = Release|Any CPU
		{73829ED2-A6EA-4212-B4A5-C2A62AE5B1E2}.Release|x86.Build.0 = Release|Any CPU
		{4E2103B2-B2A3-4C2C-BD8C-516F4357915E}.Debug|Any CPU.ActiveCfg = Debug|Any CPU
		{4E2103B2-B2A3-4C2C-BD8C-516F4357915E}.Debug|Any CPU.Build.0 = Debug|Any CPU
		{4E2103B2-B2A3-4C2C-BD8C-516F4357915E}.Debug|x64.ActiveCfg = Debug|Any CPU
		{4E2103B2-B2A3-4C2C-BD8C-516F4357915E}.Debug|x64.Build.0 = Debug|Any CPU
		{4E2103B2-B2A3-4C2C-BD8C-516F4357915E}.Debug|x86.ActiveCfg = Debug|Any CPU
		{4E2103B2-B2A3-4C2C-BD8C-516F4357915E}.Debug|x86.Build.0 = Debug|Any CPU
		{4E2103B2-B2A3-4C2C-BD8C-516F4357915E}.Release|Any CPU.ActiveCfg = Release|Any CPU
		{4E2103B2-B2A3-4C2C-BD8C-516F4357915E}.Release|Any CPU.Build.0 = Release|Any CPU
		{4E2103B2-B2A3-4C2C-BD8C-516F4357915E}.Release|x64.ActiveCfg = Release|Any CPU
		{4E2103B2-B2A3-4C2C-BD8C-516F4357915E}.Release|x64.Build.0 = Release|Any CPU
		{4E2103B2-B2A3-4C2C-BD8C-516F4357915E}.Release|x86.ActiveCfg = Release|Any CPU
		{4E2103B2-B2A3-4C2C-BD8C-516F4357915E}.Release|x86.Build.0 = Release|Any CPU
		{645EC959-0AE7-44AE-801F-7FF8D2A10E93}.Debug|Any CPU.ActiveCfg = Debug|Any CPU
		{645EC959-0AE7-44AE-801F-7FF8D2A10E93}.Debug|Any CPU.Build.0 = Debug|Any CPU
		{645EC959-0AE7-44AE-801F-7FF8D2A10E93}.Debug|x64.ActiveCfg = Debug|Any CPU
		{645EC959-0AE7-44AE-801F-7FF8D2A10E93}.Debug|x64.Build.0 = Debug|Any CPU
		{645EC959-0AE7-44AE-801F-7FF8D2A10E93}.Debug|x86.ActiveCfg = Debug|Any CPU
		{645EC959-0AE7-44AE-801F-7FF8D2A10E93}.Debug|x86.Build.0 = Debug|Any CPU
		{645EC959-0AE7-44AE-801F-7FF8D2A10E93}.Release|Any CPU.ActiveCfg = Release|Any CPU
		{645EC959-0AE7-44AE-801F-7FF8D2A10E93}.Release|Any CPU.Build.0 = Release|Any CPU
		{645EC959-0AE7-44AE-801F-7FF8D2A10E93}.Release|x64.ActiveCfg = Release|Any CPU
		{645EC959-0AE7-44AE-801F-7FF8D2A10E93}.Release|x64.Build.0 = Release|Any CPU
		{645EC959-0AE7-44AE-801F-7FF8D2A10E93}.Release|x86.ActiveCfg = Release|Any CPU
		{645EC959-0AE7-44AE-801F-7FF8D2A10E93}.Release|x86.Build.0 = Release|Any CPU
	EndGlobalSection
	GlobalSection(NestedProjects) = preSolution
		{645EC959-0AE7-44AE-801F-7FF8D2A10E93} = {1BC3552D-98AF-48AD-88A5-8055BA901E14}
	EndGlobalSection
EndGlobal
