
Microsoft Visual Studio Solution File, Format Version 12.00
# Visual Studio 15
VisualStudioVersion = 15.0.26124.0
MinimumVisualStudioVersion = 15.0.26124.0
Project("{9A19103F-16F7-4668-BE54-9A1E7A4F7556}") = "R5T.Coventry.Construction", "R5T.Coventry.Construction\R5T.Coventry.Construction.csproj", "{A4776064-8ACA-4A13-9BA6-C6FB461DA4D7}"
EndProject
Project("{9A19103F-16F7-4668-BE54-9A1E7A4F7556}") = "R5T.Coventry", "R5T.Coventry\R5T.Coventry.csproj", "{25CF7474-50AC-40B9-9F3C-D2A0A068C712}"
EndProject
Project("{9A19103F-16F7-4668-BE54-9A1E7A4F7556}") = "R5T.Coventry.Testing", "R5T.Coventry.Testing\R5T.Coventry.Testing.csproj", "{193E192C-0568-4532-A927-BDE83C3BA177}"
EndProject
Project("{2150E333-8FDC-42A3-9474-1A3956D46DE8}") = "_Dependencies", "_Dependencies", "{8413965D-1EB7-4505-BC07-907E550C9A04}"
EndProject
Project("{9A19103F-16F7-4668-BE54-9A1E7A4F7556}") = "R5T.Shrewsbury", "..\..\R5T.Shrewsbury\source\R5T.Shrewsbury\R5T.Shrewsbury.csproj", "{8A784EA6-73A9-4EA9-BE7A-FF535EBA6832}"
EndProject
Project("{9A19103F-16F7-4668-BE54-9A1E7A4F7556}") = "R5T.Ives.Base", "..\..\R5T.Ives.Base\source\R5T.Ives.Base\R5T.Ives.Base.csproj", "{1EB44A91-11CE-4118-84D9-F3FF85CA5A77}"
EndProject
Project("{9A19103F-16F7-4668-BE54-9A1E7A4F7556}") = "R5T.Cherusci", "..\..\R5T.Cherusci\source\R5T.Cherusci\R5T.Cherusci.csproj", "{66EAB6AE-80F1-453B-BCAE-1630CE24D3FC}"
EndProject
Project("{9A19103F-16F7-4668-BE54-9A1E7A4F7556}") = "R5T.Chamavia", "..\..\R5T.Chamavia\source\R5T.Chamavia\R5T.Chamavia.csproj", "{1E21D4C6-6F3A-427F-B8AC-838D08B9AE68}"
EndProject
Project("{9A19103F-16F7-4668-BE54-9A1E7A4F7556}") = "R5T.Richmond", "..\..\R5T.Richmond\source\R5T.Richmond\R5T.Richmond.csproj", "{6B73EA4E-6DDD-404D-B040-FFF8D89E9EA6}"
EndProject
Project("{9A19103F-16F7-4668-BE54-9A1E7A4F7556}") = "R5T.Dacia", "..\..\R5T.Dacia\source\R5T.Dacia\R5T.Dacia.csproj", "{2EE6F8CE-0C91-4CE7-8C19-EA3EC69355DA}"
EndProject
Project("{9A19103F-16F7-4668-BE54-9A1E7A4F7556}") = "R5T.Langobard", "..\..\R5T.Langobard\source\R5T.Langobard\R5T.Langobard.csproj", "{68607E88-1CB1-4B1F-A7FB-29358E6BDC32}"
EndProject
Project("{9A19103F-16F7-4668-BE54-9A1E7A4F7556}") = "R5T.Sardinia", "..\..\R5T.Sardinia\source\R5T.Sardinia\R5T.Sardinia.csproj", "{CB7DB604-29B2-4BFC-A447-675B7EA85340}"
EndProject
Project("{9A19103F-16F7-4668-BE54-9A1E7A4F7556}") = "R5T.Shrewsbury.Base", "..\..\R5T.Shrewsbury.Base\source\R5T.Shrewsbury.Base\R5T.Shrewsbury.Base.csproj", "{91982A51-A1E1-4080-AF33-5A20151CED47}"
EndProject
Project("{9A19103F-16F7-4668-BE54-9A1E7A4F7556}") = "R5T.Derby", "..\..\R5T.Derby\source\R5T.Derby\R5T.Derby.csproj", "{119AA87D-3892-4D1A-B76E-4C3F77286B04}"
EndProject
Project("{9A19103F-16F7-4668-BE54-9A1E7A4F7556}") = "R5T.Ives.Configuration", "..\..\R5T.Ives.Configuration\source\R5T.Ives.Configuration\R5T.Ives.Configuration.csproj", "{6ADE2B7F-7235-4639-8CDA-D25AB2565C8B}"
EndProject
Project("{9A19103F-16F7-4668-BE54-9A1E7A4F7556}") = "R5T.Shrewsbury.Default", "..\..\R5T.Shrewsbury.Default\source\R5T.Shrewsbury.Default\R5T.Shrewsbury.Default.csproj", "{DF0C4AF3-9F00-4DBA-A475-21AD23350119}"
EndProject
Project("{9A19103F-16F7-4668-BE54-9A1E7A4F7556}") = "R5T.Lombardy.Base", "..\..\R5T.Lombardy.Base\source\R5T.Lombardy.Base\R5T.Lombardy.Base.csproj", "{DE674976-1575-44A5-8BBE-8643F9102B69}"
EndProject
Project("{9A19103F-16F7-4668-BE54-9A1E7A4F7556}") = "R5T.Macommania.Base", "..\..\R5T.Macommania.Base\source\R5T.Macommania.Base\R5T.Macommania.Base.csproj", "{D6AC9DF3-478B-4378-B137-F974A99432C5}"
EndProject
Project("{9A19103F-16F7-4668-BE54-9A1E7A4F7556}") = "R5T.Scotia", "..\..\R5T.Scotia\source\R5T.Scotia\R5T.Scotia.csproj", "{DF8E7E7B-E9AA-49DF-9AE0-1101AB51FB9E}"
EndProject
Project("{9A19103F-16F7-4668-BE54-9A1E7A4F7556}") = "R5T.Alamania.Bulgaria", "..\..\R5T.Alamania.Bulgaria\source\R5T.Alamania.Bulgaria\R5T.Alamania.Bulgaria.csproj", "{D7107311-6EA1-4FE8-B041-8CD4C0DAE846}"
EndProject
Project("{9A19103F-16F7-4668-BE54-9A1E7A4F7556}") = "R5T.Alamania.Base", "..\..\R5T.Alamania.Base\source\R5T.Alamania.Base\R5T.Alamania.Base.csproj", "{FC575F5D-0D58-40BD-BD9E-F2FCB839BF36}"
EndProject
Project("{9A19103F-16F7-4668-BE54-9A1E7A4F7556}") = "R5T.Bulgaria.Base", "..\..\R5T.Bulgaria.Base\source\R5T.Bulgaria.Base\R5T.Bulgaria.Base.csproj", "{EE0FF9BE-CA05-4F8E-89FD-34F3DA869D9E}"
EndProject
Project("{9A19103F-16F7-4668-BE54-9A1E7A4F7556}") = "R5T.Costobocia.Base", "..\..\R5T.Costobocia.Base\source\R5T.Costobocia.Base\R5T.Costobocia.Base.csproj", "{483731C1-F19E-4EF0-80F5-35480273CB51}"
EndProject
Project("{9A19103F-16F7-4668-BE54-9A1E7A4F7556}") = "R5T.Ostrogothia", "..\..\R5T.Ostrogothia\source\R5T.Ostrogothia\R5T.Ostrogothia.csproj", "{1906D01B-A861-433B-8399-12D2549A0F2D}"
EndProject
Project("{9A19103F-16F7-4668-BE54-9A1E7A4F7556}") = "R5T.Bulgaria.Default.Local", "..\..\R5T.Bulgaria.Default.Local\source\R5T.Bulgaria.Default.Local\R5T.Bulgaria.Default.Local.csproj", "{4E6AA159-8699-4B8D-B0CA-CEFD23B94109}"
EndProject
Project("{9A19103F-16F7-4668-BE54-9A1E7A4F7556}") = "R5T.Visigothia.Base", "..\..\R5T.Visigothia.Base\source\R5T.Visigothia.Base\R5T.Visigothia.Base.csproj", "{33E45B57-E649-449F-8E3E-99CF8F8D7AE6}"
EndProject
Project("{9A19103F-16F7-4668-BE54-9A1E7A4F7556}") = "R5T.Costobocia.Default", "..\..\R5T.Costobocia.Default\source\R5T.Costobocia.Default\R5T.Costobocia.Default.csproj", "{27301B63-6F26-4085-80A2-B128057347B4}"
EndProject
Project("{9A19103F-16F7-4668-BE54-9A1E7A4F7556}") = "R5T.Lombardy", "..\..\R5T.Lombardy\source\R5T.Lombardy\R5T.Lombardy.csproj", "{31561446-B8E2-4A5B-B180-D06CD24CF569}"
EndProject
Project("{9A19103F-16F7-4668-BE54-9A1E7A4F7556}") = "R5T.Magyar", "..\..\R5T.Magyar\source\R5T.Magyar\R5T.Magyar.csproj", "{12ECF498-6C75-4909-80D8-69A547EE2181}"
EndProject
Project("{9A19103F-16F7-4668-BE54-9A1E7A4F7556}") = "R5T.Rugia", "..\..\R5T.Rugia\source\R5T.Rugia\R5T.Rugia.csproj", "{B3DD5AF9-BD69-460A-B1D1-08F0964A0EEC}"
EndProject
Project("{9A19103F-16F7-4668-BE54-9A1E7A4F7556}") = "R5T.Rugia.Base", "..\..\R5T.Rugia.Base\source\R5T.Rugia.Base\R5T.Rugia.Base.csproj", "{45CD8642-DC71-4D10-95F3-CC3583A6DA1A}"
EndProject
Project("{9A19103F-16F7-4668-BE54-9A1E7A4F7556}") = "R5T.Suebia.Alamania", "..\..\R5T.Suebia.Alamania\source\R5T.Suebia.Alamania\R5T.Suebia.Alamania.csproj", "{6B4F0CF9-3BE3-4429-BBB1-6BF36AA64D8C}"
EndProject
Project("{9A19103F-16F7-4668-BE54-9A1E7A4F7556}") = "R5T.Suebia.Base", "..\..\R5T.Suebia.Base\source\R5T.Suebia.Base\R5T.Suebia.Base.csproj", "{9E5CCD75-98B5-41F2-AB59-77A4FB20F068}"
EndProject
Project("{9A19103F-16F7-4668-BE54-9A1E7A4F7556}") = "R5T.Visigothia.Default.Local", "..\..\R5T.Visigothia.Default.Local\source\R5T.Visigothia.Default.Local\R5T.Visigothia.Default.Local.csproj", "{2AB52865-D51C-428A-A4C3-DC3223E5ACA3}"
EndProject
Project("{9A19103F-16F7-4668-BE54-9A1E7A4F7556}") = "R5T.Leeds", "..\..\R5T.Leeds\source\R5T.Leeds\R5T.Leeds.csproj", "{FCF4CCED-41FB-4F32-BECA-01AC5E094380}"
EndProject
Project("{9A19103F-16F7-4668-BE54-9A1E7A4F7556}") = "R5T.Hastings.Default", "..\..\R5T.Hastings.Default\source\R5T.Hastings.Default\R5T.Hastings.Default.csproj", "{7A5328A2-7C8F-4CB1-8D20-C66B26E07D2B}"
EndProject
Project("{9A19103F-16F7-4668-BE54-9A1E7A4F7556}") = "R5T.Brighton", "..\..\R5T.Brighton\source\R5T.Brighton\R5T.Brighton.csproj", "{20C76638-8F59-48A5-9CFE-CBF921E4927A}"
EndProject
Project("{9A19103F-16F7-4668-BE54-9A1E7A4F7556}") = "R5T.Delos", "..\..\R5T.Delos\source\R5T.Delos\R5T.Delos.csproj", "{C04AFC28-3A1B-49DD-B72F-3E7182BE4CC1}"
EndProject
Project("{9A19103F-16F7-4668-BE54-9A1E7A4F7556}") = "R5T.Stagira", "..\..\R5T.Stagira\source\R5T.Stagira\R5T.Stagira.csproj", "{36F76BBF-D6EB-4661-A0A7-F2A5B1316218}"
EndProject
Project("{9A19103F-16F7-4668-BE54-9A1E7A4F7556}") = "R5T.Hastings.Base", "..\..\R5T.Hastings.Base\source\R5T.Hastings.Base\R5T.Hastings.Base.csproj", "{CBB90FD0-3A65-4E0E-A90A-2C927948A59D}"
EndProject
Project("{9A19103F-16F7-4668-BE54-9A1E7A4F7556}") = "R5T.Macommania.Default", "..\..\R5T.Macommania.Default\source\R5T.Macommania.Default\R5T.Macommania.Default.csproj", "{A87BAFEE-95B2-45F9-BB4C-9A098F07826F}"
EndProject
Project("{9A19103F-16F7-4668-BE54-9A1E7A4F7556}") = "R5T.Suebia.Default", "..\..\R5T.Suebia.Default\source\R5T.Suebia.Default\R5T.Suebia.Default.csproj", "{8D51DADD-9D19-4D5E-9702-778F907557DF}"
EndProject
Project("{9A19103F-16F7-4668-BE54-9A1E7A4F7556}") = "R5T.Suebia.Hastings", "..\..\R5T.Suebia.Hastings\source\R5T.Suebia.Hastings\R5T.Suebia.Hastings.csproj", "{E579EBD4-E5BA-4852-B49D-53C3C6120F81}"
EndProject
Project("{9A19103F-16F7-4668-BE54-9A1E7A4F7556}") = "R5T.Shrewsbury.Extensions", "..\..\R5T.Shrewsbury.Extensions\source\R5T.Shrewsbury.Extensions\R5T.Shrewsbury.Extensions.csproj", "{28EA7B60-1D86-4D30-9146-562EAFCE75CA}"
EndProject
Project("{9A19103F-16F7-4668-BE54-9A1E7A4F7556}") = "R5T.Dacia.Extensions", "..\..\R5T.Dacia.Extensions\source\R5T.Dacia.Extensions\R5T.Dacia.Extensions.csproj", "{EC2657B8-59A7-403D-B6FA-07457CA1674B}"
EndProject
Project("{9A19103F-16F7-4668-BE54-9A1E7A4F7556}") = "R5T.Opatia", "..\..\R5T.Opatia\source\R5T.Opatia\R5T.Opatia.csproj", "{6D2866EB-8F2E-4291-BBAF-B3CB71D93C88}"
EndProject
Project("{9A19103F-16F7-4668-BE54-9A1E7A4F7556}") = "R5T.Exeter", "..\..\R5T.Exeter\source\R5T.Exeter\R5T.Exeter.csproj", "{CFCDEEC9-0D3B-4769-867E-8E971BFF9C31}"
EndProject
Project("{9A19103F-16F7-4668-BE54-9A1E7A4F7556}") = "R5T.Chamavia.Extensions", "..\..\R5T.Chamavia.Extensions\source\R5T.Chamavia.Extensions\R5T.Chamavia.Extensions.csproj", "{C7EB5B28-272A-4429-A16F-D09D3272E21D}"
EndProject
Project("{9A19103F-16F7-4668-BE54-9A1E7A4F7556}") = "R5T.Langobard.Extensions", "..\..\R5T.Langobard.Extensions\source\R5T.Langobard.Extensions\R5T.Langobard.Extensions.csproj", "{84CDF5B2-3290-47EB-9C42-E36E105F0428}"
EndProject
Project("{9A19103F-16F7-4668-BE54-9A1E7A4F7556}") = "R5T.Langobard.Console", "..\..\R5T.Langobard\source\R5T.Langobard.Console\R5T.Langobard.Console.csproj", "{697101E8-668B-4FA8-93E6-6BC8EEC8C8DD}"
EndProject
Project("{9A19103F-16F7-4668-BE54-9A1E7A4F7556}") = "R5T.Lombardy.Standard", "..\..\R5T.Lombardy.Standard\source\R5T.Lombardy.Standard\R5T.Lombardy.Standard.csproj", "{0E988575-6800-48E3-9EBD-D5EAE3D8799B}"
EndProject
Project("{9A19103F-16F7-4668-BE54-9A1E7A4F7556}") = "R5T.Ostrogothia.Abstractions", "..\..\R5T.Ostrogothia\source\R5T.Ostrogothia.Abstractions\R5T.Ostrogothia.Abstractions.csproj", "{28EF12CB-E84C-4A9B-B0B3-94794C8B1E42}"
EndProject
Project("{9A19103F-16F7-4668-BE54-9A1E7A4F7556}") = "R5T.Ostrogothia.Rivet.Types", "..\..\R5T.Ostrogothia.Rivet.Private\source\R5T.Ostrogothia.Rivet.Types\R5T.Ostrogothia.Rivet.Types.csproj", "{0A634E88-360C-45EB-BF6D-8480A8579A64}"
EndProject
Project("{9A19103F-16F7-4668-BE54-9A1E7A4F7556}") = "R5T.Ostrogothia.Types", "..\..\R5T.Ostrogothia\source\R5T.Ostrogothia.Types\R5T.Ostrogothia.Types.csproj", "{B0D3E49D-66DD-4985-95FA-A27DFA7BA4BA}"
EndProject
Project("{9A19103F-16F7-4668-BE54-9A1E7A4F7556}") = "R5T.Quadia", "..\..\R5T.Quadia\source\R5T.Quadia\R5T.Quadia.csproj", "{45F78CE5-5C23-4E2E-A624-4770FE881EFE}"
EndProject
Project("{9A19103F-16F7-4668-BE54-9A1E7A4F7556}") = "R5T.Richmond.Abstractions", "..\..\R5T.Richmond.Abstractions\source\R5T.Richmond.Abstractions\R5T.Richmond.Abstractions.csproj", "{4F2220B3-FBFD-40D4-A3EC-5C020B4E7E9B}"
EndProject
Project("{9A19103F-16F7-4668-BE54-9A1E7A4F7556}") = "R5T.Richmond.Types", "..\..\R5T.Richmond.Types\source\R5T.Richmond.Types\R5T.Richmond.Types.csproj", "{810332B6-6AFF-48BD-865B-8578C0912798}"
EndProject
Project("{9A19103F-16F7-4668-BE54-9A1E7A4F7556}") = "R5T.Tromso.ServiceProvider", "..\..\R5T.Tromso.ServiceProvider\source\R5T.Tromso.ServiceProvider\R5T.Tromso.ServiceProvider.csproj", "{09680A21-8FC0-4138-925C-208E6A171A92}"
EndProject
Project("{9A19103F-16F7-4668-BE54-9A1E7A4F7556}") = "R5T.Tromso.Types", "..\..\R5T.Tromso.Types\source\R5T.Tromso.Types\R5T.Tromso.Types.csproj", "{42BA7C33-788C-415A-B0A5-ACE97CA11BAB}"
EndProject
Project("{9A19103F-16F7-4668-BE54-9A1E7A4F7556}") = "R5T.Tromso.Abstractions", "..\..\R5T.Tromso.Abstractions\source\R5T.Tromso.Abstractions\R5T.Tromso.Abstractions.csproj", "{E5D0FF7A-66EE-467C-A77A-1A0F62B6BC7C}"
EndProject
Project("{9A19103F-16F7-4668-BE54-9A1E7A4F7556}") = "R5T.Tromso.Startup", "..\..\R5T.Tromso.Startup\source\R5T.Tromso.Startup\R5T.Tromso.Startup.csproj", "{506B31CF-742D-4111-9AD7-003DBFA67D34}"
EndProject
Project("{9A19103F-16F7-4668-BE54-9A1E7A4F7556}") = "R5T.Liverpool.ServiceProvider", "..\..\R5T.Liverpool\source\R5T.Liverpool.ServiceProvider\R5T.Liverpool.ServiceProvider.csproj", "{76D43B3F-C882-4AEB-852D-4ABF83749A99}"
EndProject
Project("{9A19103F-16F7-4668-BE54-9A1E7A4F7556}") = "R5T.Liverpool.ServiceProvider.Types", "..\..\R5T.Liverpool\source\R5T.Liverpool.ServiceProvider.Types\R5T.Liverpool.ServiceProvider.Types.csproj", "{E899FB50-82B2-4A48-8CBF-75CCEE3ACF43}"
EndProject
Project("{9A19103F-16F7-4668-BE54-9A1E7A4F7556}") = "R5T.D0023.Default", "..\..\R5T.D0023\source\R5T.D0023.Default\R5T.D0023.Default.csproj", "{8D29C438-46E3-4E3E-82BC-947CF455B6B1}"
EndProject
Project("{9A19103F-16F7-4668-BE54-9A1E7A4F7556}") = "R5T.D0023.Base", "..\..\R5T.D0023\source\R5T.D0023.Base\R5T.D0023.Base.csproj", "{D1FAB14B-F447-4038-A6D5-48906CF13D29}"
EndProject
Project("{9A19103F-16F7-4668-BE54-9A1E7A4F7556}") = "R5T.Liverpool.Types", "..\..\R5T.Liverpool\source\R5T.Liverpool.Types\R5T.Liverpool.Types.csproj", "{E8EAA179-3459-4048-B1EA-1A01EA126D59}"
EndProject
Project("{9A19103F-16F7-4668-BE54-9A1E7A4F7556}") = "R5T.Liverpool.Abstractions", "..\..\R5T.Liverpool\source\R5T.Liverpool.Abstractions\R5T.Liverpool.Abstractions.csproj", "{C2D660C7-1BA8-42C7-8096-C4CF6880ED7B}"
EndProject
Project("{9A19103F-16F7-4668-BE54-9A1E7A4F7556}") = "R5T.Liverpool.Startup", "..\..\R5T.Liverpool\source\R5T.Liverpool.Startup\R5T.Liverpool.Startup.csproj", "{91886627-50BC-4FA5-BE91-89A752A16E57}"
EndProject
Project("{9A19103F-16F7-4668-BE54-9A1E7A4F7556}") = "R5T.Liverpool.Startup.Core", "..\..\R5T.Liverpool\source\R5T.Liverpool.Startup.Core\R5T.Liverpool.Startup.Core.csproj", "{CD8AFEBA-DD90-4E01-B807-038F8411D14B}"
EndProject
Global
	GlobalSection(SolutionConfigurationPlatforms) = preSolution
		Debug|Any CPU = Debug|Any CPU
		Debug|x64 = Debug|x64
		Debug|x86 = Debug|x86
		Release|Any CPU = Release|Any CPU
		Release|x64 = Release|x64
		Release|x86 = Release|x86
	EndGlobalSection
	GlobalSection(ProjectConfigurationPlatforms) = postSolution
		{A4776064-8ACA-4A13-9BA6-C6FB461DA4D7}.Debug|Any CPU.ActiveCfg = Debug|Any CPU
		{A4776064-8ACA-4A13-9BA6-C6FB461DA4D7}.Debug|Any CPU.Build.0 = Debug|Any CPU
		{A4776064-8ACA-4A13-9BA6-C6FB461DA4D7}.Debug|x64.ActiveCfg = Debug|Any CPU
		{A4776064-8ACA-4A13-9BA6-C6FB461DA4D7}.Debug|x64.Build.0 = Debug|Any CPU
		{A4776064-8ACA-4A13-9BA6-C6FB461DA4D7}.Debug|x86.ActiveCfg = Debug|Any CPU
		{A4776064-8ACA-4A13-9BA6-C6FB461DA4D7}.Debug|x86.Build.0 = Debug|Any CPU
		{A4776064-8ACA-4A13-9BA6-C6FB461DA4D7}.Release|Any CPU.ActiveCfg = Release|Any CPU
		{A4776064-8ACA-4A13-9BA6-C6FB461DA4D7}.Release|Any CPU.Build.0 = Release|Any CPU
		{A4776064-8ACA-4A13-9BA6-C6FB461DA4D7}.Release|x64.ActiveCfg = Release|Any CPU
		{A4776064-8ACA-4A13-9BA6-C6FB461DA4D7}.Release|x64.Build.0 = Release|Any CPU
		{A4776064-8ACA-4A13-9BA6-C6FB461DA4D7}.Release|x86.ActiveCfg = Release|Any CPU
		{A4776064-8ACA-4A13-9BA6-C6FB461DA4D7}.Release|x86.Build.0 = Release|Any CPU
		{25CF7474-50AC-40B9-9F3C-D2A0A068C712}.Debug|Any CPU.ActiveCfg = Debug|Any CPU
		{25CF7474-50AC-40B9-9F3C-D2A0A068C712}.Debug|Any CPU.Build.0 = Debug|Any CPU
		{25CF7474-50AC-40B9-9F3C-D2A0A068C712}.Debug|x64.ActiveCfg = Debug|Any CPU
		{25CF7474-50AC-40B9-9F3C-D2A0A068C712}.Debug|x64.Build.0 = Debug|Any CPU
		{25CF7474-50AC-40B9-9F3C-D2A0A068C712}.Debug|x86.ActiveCfg = Debug|Any CPU
		{25CF7474-50AC-40B9-9F3C-D2A0A068C712}.Debug|x86.Build.0 = Debug|Any CPU
		{25CF7474-50AC-40B9-9F3C-D2A0A068C712}.Release|Any CPU.ActiveCfg = Release|Any CPU
		{25CF7474-50AC-40B9-9F3C-D2A0A068C712}.Release|Any CPU.Build.0 = Release|Any CPU
		{25CF7474-50AC-40B9-9F3C-D2A0A068C712}.Release|x64.ActiveCfg = Release|Any CPU
		{25CF7474-50AC-40B9-9F3C-D2A0A068C712}.Release|x64.Build.0 = Release|Any CPU
		{25CF7474-50AC-40B9-9F3C-D2A0A068C712}.Release|x86.ActiveCfg = Release|Any CPU
		{25CF7474-50AC-40B9-9F3C-D2A0A068C712}.Release|x86.Build.0 = Release|Any CPU
		{193E192C-0568-4532-A927-BDE83C3BA177}.Debug|Any CPU.ActiveCfg = Debug|Any CPU
		{193E192C-0568-4532-A927-BDE83C3BA177}.Debug|Any CPU.Build.0 = Debug|Any CPU
		{193E192C-0568-4532-A927-BDE83C3BA177}.Debug|x64.ActiveCfg = Debug|Any CPU
		{193E192C-0568-4532-A927-BDE83C3BA177}.Debug|x64.Build.0 = Debug|Any CPU
		{193E192C-0568-4532-A927-BDE83C3BA177}.Debug|x86.ActiveCfg = Debug|Any CPU
		{193E192C-0568-4532-A927-BDE83C3BA177}.Debug|x86.Build.0 = Debug|Any CPU
		{193E192C-0568-4532-A927-BDE83C3BA177}.Release|Any CPU.ActiveCfg = Release|Any CPU
		{193E192C-0568-4532-A927-BDE83C3BA177}.Release|Any CPU.Build.0 = Release|Any CPU
		{193E192C-0568-4532-A927-BDE83C3BA177}.Release|x64.ActiveCfg = Release|Any CPU
		{193E192C-0568-4532-A927-BDE83C3BA177}.Release|x64.Build.0 = Release|Any CPU
		{193E192C-0568-4532-A927-BDE83C3BA177}.Release|x86.ActiveCfg = Release|Any CPU
		{193E192C-0568-4532-A927-BDE83C3BA177}.Release|x86.Build.0 = Release|Any CPU
		{8A784EA6-73A9-4EA9-BE7A-FF535EBA6832}.Debug|Any CPU.ActiveCfg = Debug|Any CPU
		{8A784EA6-73A9-4EA9-BE7A-FF535EBA6832}.Debug|Any CPU.Build.0 = Debug|Any CPU
		{8A784EA6-73A9-4EA9-BE7A-FF535EBA6832}.Debug|x64.ActiveCfg = Debug|Any CPU
		{8A784EA6-73A9-4EA9-BE7A-FF535EBA6832}.Debug|x64.Build.0 = Debug|Any CPU
		{8A784EA6-73A9-4EA9-BE7A-FF535EBA6832}.Debug|x86.ActiveCfg = Debug|Any CPU
		{8A784EA6-73A9-4EA9-BE7A-FF535EBA6832}.Debug|x86.Build.0 = Debug|Any CPU
		{8A784EA6-73A9-4EA9-BE7A-FF535EBA6832}.Release|Any CPU.ActiveCfg = Release|Any CPU
		{8A784EA6-73A9-4EA9-BE7A-FF535EBA6832}.Release|Any CPU.Build.0 = Release|Any CPU
		{8A784EA6-73A9-4EA9-BE7A-FF535EBA6832}.Release|x64.ActiveCfg = Release|Any CPU
		{8A784EA6-73A9-4EA9-BE7A-FF535EBA6832}.Release|x64.Build.0 = Release|Any CPU
		{8A784EA6-73A9-4EA9-BE7A-FF535EBA6832}.Release|x86.ActiveCfg = Release|Any CPU
		{8A784EA6-73A9-4EA9-BE7A-FF535EBA6832}.Release|x86.Build.0 = Release|Any CPU
		{1EB44A91-11CE-4118-84D9-F3FF85CA5A77}.Debug|Any CPU.ActiveCfg = Debug|Any CPU
		{1EB44A91-11CE-4118-84D9-F3FF85CA5A77}.Debug|Any CPU.Build.0 = Debug|Any CPU
		{1EB44A91-11CE-4118-84D9-F3FF85CA5A77}.Debug|x64.ActiveCfg = Debug|Any CPU
		{1EB44A91-11CE-4118-84D9-F3FF85CA5A77}.Debug|x64.Build.0 = Debug|Any CPU
		{1EB44A91-11CE-4118-84D9-F3FF85CA5A77}.Debug|x86.ActiveCfg = Debug|Any CPU
		{1EB44A91-11CE-4118-84D9-F3FF85CA5A77}.Debug|x86.Build.0 = Debug|Any CPU
		{1EB44A91-11CE-4118-84D9-F3FF85CA5A77}.Release|Any CPU.ActiveCfg = Release|Any CPU
		{1EB44A91-11CE-4118-84D9-F3FF85CA5A77}.Release|Any CPU.Build.0 = Release|Any CPU
		{1EB44A91-11CE-4118-84D9-F3FF85CA5A77}.Release|x64.ActiveCfg = Release|Any CPU
		{1EB44A91-11CE-4118-84D9-F3FF85CA5A77}.Release|x64.Build.0 = Release|Any CPU
		{1EB44A91-11CE-4118-84D9-F3FF85CA5A77}.Release|x86.ActiveCfg = Release|Any CPU
		{1EB44A91-11CE-4118-84D9-F3FF85CA5A77}.Release|x86.Build.0 = Release|Any CPU
		{66EAB6AE-80F1-453B-BCAE-1630CE24D3FC}.Debug|Any CPU.ActiveCfg = Debug|Any CPU
		{66EAB6AE-80F1-453B-BCAE-1630CE24D3FC}.Debug|Any CPU.Build.0 = Debug|Any CPU
		{66EAB6AE-80F1-453B-BCAE-1630CE24D3FC}.Debug|x64.ActiveCfg = Debug|Any CPU
		{66EAB6AE-80F1-453B-BCAE-1630CE24D3FC}.Debug|x64.Build.0 = Debug|Any CPU
		{66EAB6AE-80F1-453B-BCAE-1630CE24D3FC}.Debug|x86.ActiveCfg = Debug|Any CPU
		{66EAB6AE-80F1-453B-BCAE-1630CE24D3FC}.Debug|x86.Build.0 = Debug|Any CPU
		{66EAB6AE-80F1-453B-BCAE-1630CE24D3FC}.Release|Any CPU.ActiveCfg = Release|Any CPU
		{66EAB6AE-80F1-453B-BCAE-1630CE24D3FC}.Release|Any CPU.Build.0 = Release|Any CPU
		{66EAB6AE-80F1-453B-BCAE-1630CE24D3FC}.Release|x64.ActiveCfg = Release|Any CPU
		{66EAB6AE-80F1-453B-BCAE-1630CE24D3FC}.Release|x64.Build.0 = Release|Any CPU
		{66EAB6AE-80F1-453B-BCAE-1630CE24D3FC}.Release|x86.ActiveCfg = Release|Any CPU
		{66EAB6AE-80F1-453B-BCAE-1630CE24D3FC}.Release|x86.Build.0 = Release|Any CPU
		{1E21D4C6-6F3A-427F-B8AC-838D08B9AE68}.Debug|Any CPU.ActiveCfg = Debug|Any CPU
		{1E21D4C6-6F3A-427F-B8AC-838D08B9AE68}.Debug|Any CPU.Build.0 = Debug|Any CPU
		{1E21D4C6-6F3A-427F-B8AC-838D08B9AE68}.Debug|x64.ActiveCfg = Debug|Any CPU
		{1E21D4C6-6F3A-427F-B8AC-838D08B9AE68}.Debug|x64.Build.0 = Debug|Any CPU
		{1E21D4C6-6F3A-427F-B8AC-838D08B9AE68}.Debug|x86.ActiveCfg = Debug|Any CPU
		{1E21D4C6-6F3A-427F-B8AC-838D08B9AE68}.Debug|x86.Build.0 = Debug|Any CPU
		{1E21D4C6-6F3A-427F-B8AC-838D08B9AE68}.Release|Any CPU.ActiveCfg = Release|Any CPU
		{1E21D4C6-6F3A-427F-B8AC-838D08B9AE68}.Release|Any CPU.Build.0 = Release|Any CPU
		{1E21D4C6-6F3A-427F-B8AC-838D08B9AE68}.Release|x64.ActiveCfg = Release|Any CPU
		{1E21D4C6-6F3A-427F-B8AC-838D08B9AE68}.Release|x64.Build.0 = Release|Any CPU
		{1E21D4C6-6F3A-427F-B8AC-838D08B9AE68}.Release|x86.ActiveCfg = Release|Any CPU
		{1E21D4C6-6F3A-427F-B8AC-838D08B9AE68}.Release|x86.Build.0 = Release|Any CPU
		{6B73EA4E-6DDD-404D-B040-FFF8D89E9EA6}.Debug|Any CPU.ActiveCfg = Debug|Any CPU
		{6B73EA4E-6DDD-404D-B040-FFF8D89E9EA6}.Debug|Any CPU.Build.0 = Debug|Any CPU
		{6B73EA4E-6DDD-404D-B040-FFF8D89E9EA6}.Debug|x64.ActiveCfg = Debug|Any CPU
		{6B73EA4E-6DDD-404D-B040-FFF8D89E9EA6}.Debug|x64.Build.0 = Debug|Any CPU
		{6B73EA4E-6DDD-404D-B040-FFF8D89E9EA6}.Debug|x86.ActiveCfg = Debug|Any CPU
		{6B73EA4E-6DDD-404D-B040-FFF8D89E9EA6}.Debug|x86.Build.0 = Debug|Any CPU
		{6B73EA4E-6DDD-404D-B040-FFF8D89E9EA6}.Release|Any CPU.ActiveCfg = Release|Any CPU
		{6B73EA4E-6DDD-404D-B040-FFF8D89E9EA6}.Release|Any CPU.Build.0 = Release|Any CPU
		{6B73EA4E-6DDD-404D-B040-FFF8D89E9EA6}.Release|x64.ActiveCfg = Release|Any CPU
		{6B73EA4E-6DDD-404D-B040-FFF8D89E9EA6}.Release|x64.Build.0 = Release|Any CPU
		{6B73EA4E-6DDD-404D-B040-FFF8D89E9EA6}.Release|x86.ActiveCfg = Release|Any CPU
		{6B73EA4E-6DDD-404D-B040-FFF8D89E9EA6}.Release|x86.Build.0 = Release|Any CPU
		{2EE6F8CE-0C91-4CE7-8C19-EA3EC69355DA}.Debug|Any CPU.ActiveCfg = Debug|Any CPU
		{2EE6F8CE-0C91-4CE7-8C19-EA3EC69355DA}.Debug|Any CPU.Build.0 = Debug|Any CPU
		{2EE6F8CE-0C91-4CE7-8C19-EA3EC69355DA}.Debug|x64.ActiveCfg = Debug|Any CPU
		{2EE6F8CE-0C91-4CE7-8C19-EA3EC69355DA}.Debug|x64.Build.0 = Debug|Any CPU
		{2EE6F8CE-0C91-4CE7-8C19-EA3EC69355DA}.Debug|x86.ActiveCfg = Debug|Any CPU
		{2EE6F8CE-0C91-4CE7-8C19-EA3EC69355DA}.Debug|x86.Build.0 = Debug|Any CPU
		{2EE6F8CE-0C91-4CE7-8C19-EA3EC69355DA}.Release|Any CPU.ActiveCfg = Release|Any CPU
		{2EE6F8CE-0C91-4CE7-8C19-EA3EC69355DA}.Release|Any CPU.Build.0 = Release|Any CPU
		{2EE6F8CE-0C91-4CE7-8C19-EA3EC69355DA}.Release|x64.ActiveCfg = Release|Any CPU
		{2EE6F8CE-0C91-4CE7-8C19-EA3EC69355DA}.Release|x64.Build.0 = Release|Any CPU
		{2EE6F8CE-0C91-4CE7-8C19-EA3EC69355DA}.Release|x86.ActiveCfg = Release|Any CPU
		{2EE6F8CE-0C91-4CE7-8C19-EA3EC69355DA}.Release|x86.Build.0 = Release|Any CPU
		{68607E88-1CB1-4B1F-A7FB-29358E6BDC32}.Debug|Any CPU.ActiveCfg = Debug|Any CPU
		{68607E88-1CB1-4B1F-A7FB-29358E6BDC32}.Debug|Any CPU.Build.0 = Debug|Any CPU
		{68607E88-1CB1-4B1F-A7FB-29358E6BDC32}.Debug|x64.ActiveCfg = Debug|Any CPU
		{68607E88-1CB1-4B1F-A7FB-29358E6BDC32}.Debug|x64.Build.0 = Debug|Any CPU
		{68607E88-1CB1-4B1F-A7FB-29358E6BDC32}.Debug|x86.ActiveCfg = Debug|Any CPU
		{68607E88-1CB1-4B1F-A7FB-29358E6BDC32}.Debug|x86.Build.0 = Debug|Any CPU
		{68607E88-1CB1-4B1F-A7FB-29358E6BDC32}.Release|Any CPU.ActiveCfg = Release|Any CPU
		{68607E88-1CB1-4B1F-A7FB-29358E6BDC32}.Release|Any CPU.Build.0 = Release|Any CPU
		{68607E88-1CB1-4B1F-A7FB-29358E6BDC32}.Release|x64.ActiveCfg = Release|Any CPU
		{68607E88-1CB1-4B1F-A7FB-29358E6BDC32}.Release|x64.Build.0 = Release|Any CPU
		{68607E88-1CB1-4B1F-A7FB-29358E6BDC32}.Release|x86.ActiveCfg = Release|Any CPU
		{68607E88-1CB1-4B1F-A7FB-29358E6BDC32}.Release|x86.Build.0 = Release|Any CPU
		{CB7DB604-29B2-4BFC-A447-675B7EA85340}.Debug|Any CPU.ActiveCfg = Debug|Any CPU
		{CB7DB604-29B2-4BFC-A447-675B7EA85340}.Debug|Any CPU.Build.0 = Debug|Any CPU
		{CB7DB604-29B2-4BFC-A447-675B7EA85340}.Debug|x64.ActiveCfg = Debug|Any CPU
		{CB7DB604-29B2-4BFC-A447-675B7EA85340}.Debug|x64.Build.0 = Debug|Any CPU
		{CB7DB604-29B2-4BFC-A447-675B7EA85340}.Debug|x86.ActiveCfg = Debug|Any CPU
		{CB7DB604-29B2-4BFC-A447-675B7EA85340}.Debug|x86.Build.0 = Debug|Any CPU
		{CB7DB604-29B2-4BFC-A447-675B7EA85340}.Release|Any CPU.ActiveCfg = Release|Any CPU
		{CB7DB604-29B2-4BFC-A447-675B7EA85340}.Release|Any CPU.Build.0 = Release|Any CPU
		{CB7DB604-29B2-4BFC-A447-675B7EA85340}.Release|x64.ActiveCfg = Release|Any CPU
		{CB7DB604-29B2-4BFC-A447-675B7EA85340}.Release|x64.Build.0 = Release|Any CPU
		{CB7DB604-29B2-4BFC-A447-675B7EA85340}.Release|x86.ActiveCfg = Release|Any CPU
		{CB7DB604-29B2-4BFC-A447-675B7EA85340}.Release|x86.Build.0 = Release|Any CPU
		{91982A51-A1E1-4080-AF33-5A20151CED47}.Debug|Any CPU.ActiveCfg = Debug|Any CPU
		{91982A51-A1E1-4080-AF33-5A20151CED47}.Debug|Any CPU.Build.0 = Debug|Any CPU
		{91982A51-A1E1-4080-AF33-5A20151CED47}.Debug|x64.ActiveCfg = Debug|Any CPU
		{91982A51-A1E1-4080-AF33-5A20151CED47}.Debug|x64.Build.0 = Debug|Any CPU
		{91982A51-A1E1-4080-AF33-5A20151CED47}.Debug|x86.ActiveCfg = Debug|Any CPU
		{91982A51-A1E1-4080-AF33-5A20151CED47}.Debug|x86.Build.0 = Debug|Any CPU
		{91982A51-A1E1-4080-AF33-5A20151CED47}.Release|Any CPU.ActiveCfg = Release|Any CPU
		{91982A51-A1E1-4080-AF33-5A20151CED47}.Release|Any CPU.Build.0 = Release|Any CPU
		{91982A51-A1E1-4080-AF33-5A20151CED47}.Release|x64.ActiveCfg = Release|Any CPU
		{91982A51-A1E1-4080-AF33-5A20151CED47}.Release|x64.Build.0 = Release|Any CPU
		{91982A51-A1E1-4080-AF33-5A20151CED47}.Release|x86.ActiveCfg = Release|Any CPU
		{91982A51-A1E1-4080-AF33-5A20151CED47}.Release|x86.Build.0 = Release|Any CPU
		{119AA87D-3892-4D1A-B76E-4C3F77286B04}.Debug|Any CPU.ActiveCfg = Debug|Any CPU
		{119AA87D-3892-4D1A-B76E-4C3F77286B04}.Debug|Any CPU.Build.0 = Debug|Any CPU
		{119AA87D-3892-4D1A-B76E-4C3F77286B04}.Debug|x64.ActiveCfg = Debug|Any CPU
		{119AA87D-3892-4D1A-B76E-4C3F77286B04}.Debug|x64.Build.0 = Debug|Any CPU
		{119AA87D-3892-4D1A-B76E-4C3F77286B04}.Debug|x86.ActiveCfg = Debug|Any CPU
		{119AA87D-3892-4D1A-B76E-4C3F77286B04}.Debug|x86.Build.0 = Debug|Any CPU
		{119AA87D-3892-4D1A-B76E-4C3F77286B04}.Release|Any CPU.ActiveCfg = Release|Any CPU
		{119AA87D-3892-4D1A-B76E-4C3F77286B04}.Release|Any CPU.Build.0 = Release|Any CPU
		{119AA87D-3892-4D1A-B76E-4C3F77286B04}.Release|x64.ActiveCfg = Release|Any CPU
		{119AA87D-3892-4D1A-B76E-4C3F77286B04}.Release|x64.Build.0 = Release|Any CPU
		{119AA87D-3892-4D1A-B76E-4C3F77286B04}.Release|x86.ActiveCfg = Release|Any CPU
		{119AA87D-3892-4D1A-B76E-4C3F77286B04}.Release|x86.Build.0 = Release|Any CPU
		{6ADE2B7F-7235-4639-8CDA-D25AB2565C8B}.Debug|Any CPU.ActiveCfg = Debug|Any CPU
		{6ADE2B7F-7235-4639-8CDA-D25AB2565C8B}.Debug|Any CPU.Build.0 = Debug|Any CPU
		{6ADE2B7F-7235-4639-8CDA-D25AB2565C8B}.Debug|x64.ActiveCfg = Debug|Any CPU
		{6ADE2B7F-7235-4639-8CDA-D25AB2565C8B}.Debug|x64.Build.0 = Debug|Any CPU
		{6ADE2B7F-7235-4639-8CDA-D25AB2565C8B}.Debug|x86.ActiveCfg = Debug|Any CPU
		{6ADE2B7F-7235-4639-8CDA-D25AB2565C8B}.Debug|x86.Build.0 = Debug|Any CPU
		{6ADE2B7F-7235-4639-8CDA-D25AB2565C8B}.Release|Any CPU.ActiveCfg = Release|Any CPU
		{6ADE2B7F-7235-4639-8CDA-D25AB2565C8B}.Release|Any CPU.Build.0 = Release|Any CPU
		{6ADE2B7F-7235-4639-8CDA-D25AB2565C8B}.Release|x64.ActiveCfg = Release|Any CPU
		{6ADE2B7F-7235-4639-8CDA-D25AB2565C8B}.Release|x64.Build.0 = Release|Any CPU
		{6ADE2B7F-7235-4639-8CDA-D25AB2565C8B}.Release|x86.ActiveCfg = Release|Any CPU
		{6ADE2B7F-7235-4639-8CDA-D25AB2565C8B}.Release|x86.Build.0 = Release|Any CPU
		{DF0C4AF3-9F00-4DBA-A475-21AD23350119}.Debug|Any CPU.ActiveCfg = Debug|Any CPU
		{DF0C4AF3-9F00-4DBA-A475-21AD23350119}.Debug|Any CPU.Build.0 = Debug|Any CPU
		{DF0C4AF3-9F00-4DBA-A475-21AD23350119}.Debug|x64.ActiveCfg = Debug|Any CPU
		{DF0C4AF3-9F00-4DBA-A475-21AD23350119}.Debug|x64.Build.0 = Debug|Any CPU
		{DF0C4AF3-9F00-4DBA-A475-21AD23350119}.Debug|x86.ActiveCfg = Debug|Any CPU
		{DF0C4AF3-9F00-4DBA-A475-21AD23350119}.Debug|x86.Build.0 = Debug|Any CPU
		{DF0C4AF3-9F00-4DBA-A475-21AD23350119}.Release|Any CPU.ActiveCfg = Release|Any CPU
		{DF0C4AF3-9F00-4DBA-A475-21AD23350119}.Release|Any CPU.Build.0 = Release|Any CPU
		{DF0C4AF3-9F00-4DBA-A475-21AD23350119}.Release|x64.ActiveCfg = Release|Any CPU
		{DF0C4AF3-9F00-4DBA-A475-21AD23350119}.Release|x64.Build.0 = Release|Any CPU
		{DF0C4AF3-9F00-4DBA-A475-21AD23350119}.Release|x86.ActiveCfg = Release|Any CPU
		{DF0C4AF3-9F00-4DBA-A475-21AD23350119}.Release|x86.Build.0 = Release|Any CPU
		{DE674976-1575-44A5-8BBE-8643F9102B69}.Debug|Any CPU.ActiveCfg = Debug|Any CPU
		{DE674976-1575-44A5-8BBE-8643F9102B69}.Debug|Any CPU.Build.0 = Debug|Any CPU
		{DE674976-1575-44A5-8BBE-8643F9102B69}.Debug|x64.ActiveCfg = Debug|Any CPU
		{DE674976-1575-44A5-8BBE-8643F9102B69}.Debug|x64.Build.0 = Debug|Any CPU
		{DE674976-1575-44A5-8BBE-8643F9102B69}.Debug|x86.ActiveCfg = Debug|Any CPU
		{DE674976-1575-44A5-8BBE-8643F9102B69}.Debug|x86.Build.0 = Debug|Any CPU
		{DE674976-1575-44A5-8BBE-8643F9102B69}.Release|Any CPU.ActiveCfg = Release|Any CPU
		{DE674976-1575-44A5-8BBE-8643F9102B69}.Release|Any CPU.Build.0 = Release|Any CPU
		{DE674976-1575-44A5-8BBE-8643F9102B69}.Release|x64.ActiveCfg = Release|Any CPU
		{DE674976-1575-44A5-8BBE-8643F9102B69}.Release|x64.Build.0 = Release|Any CPU
		{DE674976-1575-44A5-8BBE-8643F9102B69}.Release|x86.ActiveCfg = Release|Any CPU
		{DE674976-1575-44A5-8BBE-8643F9102B69}.Release|x86.Build.0 = Release|Any CPU
		{D6AC9DF3-478B-4378-B137-F974A99432C5}.Debug|Any CPU.ActiveCfg = Debug|Any CPU
		{D6AC9DF3-478B-4378-B137-F974A99432C5}.Debug|Any CPU.Build.0 = Debug|Any CPU
		{D6AC9DF3-478B-4378-B137-F974A99432C5}.Debug|x64.ActiveCfg = Debug|Any CPU
		{D6AC9DF3-478B-4378-B137-F974A99432C5}.Debug|x64.Build.0 = Debug|Any CPU
		{D6AC9DF3-478B-4378-B137-F974A99432C5}.Debug|x86.ActiveCfg = Debug|Any CPU
		{D6AC9DF3-478B-4378-B137-F974A99432C5}.Debug|x86.Build.0 = Debug|Any CPU
		{D6AC9DF3-478B-4378-B137-F974A99432C5}.Release|Any CPU.ActiveCfg = Release|Any CPU
		{D6AC9DF3-478B-4378-B137-F974A99432C5}.Release|Any CPU.Build.0 = Release|Any CPU
		{D6AC9DF3-478B-4378-B137-F974A99432C5}.Release|x64.ActiveCfg = Release|Any CPU
		{D6AC9DF3-478B-4378-B137-F974A99432C5}.Release|x64.Build.0 = Release|Any CPU
		{D6AC9DF3-478B-4378-B137-F974A99432C5}.Release|x86.ActiveCfg = Release|Any CPU
		{D6AC9DF3-478B-4378-B137-F974A99432C5}.Release|x86.Build.0 = Release|Any CPU
		{DF8E7E7B-E9AA-49DF-9AE0-1101AB51FB9E}.Debug|Any CPU.ActiveCfg = Debug|Any CPU
		{DF8E7E7B-E9AA-49DF-9AE0-1101AB51FB9E}.Debug|Any CPU.Build.0 = Debug|Any CPU
		{DF8E7E7B-E9AA-49DF-9AE0-1101AB51FB9E}.Debug|x64.ActiveCfg = Debug|Any CPU
		{DF8E7E7B-E9AA-49DF-9AE0-1101AB51FB9E}.Debug|x64.Build.0 = Debug|Any CPU
		{DF8E7E7B-E9AA-49DF-9AE0-1101AB51FB9E}.Debug|x86.ActiveCfg = Debug|Any CPU
		{DF8E7E7B-E9AA-49DF-9AE0-1101AB51FB9E}.Debug|x86.Build.0 = Debug|Any CPU
		{DF8E7E7B-E9AA-49DF-9AE0-1101AB51FB9E}.Release|Any CPU.ActiveCfg = Release|Any CPU
		{DF8E7E7B-E9AA-49DF-9AE0-1101AB51FB9E}.Release|Any CPU.Build.0 = Release|Any CPU
		{DF8E7E7B-E9AA-49DF-9AE0-1101AB51FB9E}.Release|x64.ActiveCfg = Release|Any CPU
		{DF8E7E7B-E9AA-49DF-9AE0-1101AB51FB9E}.Release|x64.Build.0 = Release|Any CPU
		{DF8E7E7B-E9AA-49DF-9AE0-1101AB51FB9E}.Release|x86.ActiveCfg = Release|Any CPU
		{DF8E7E7B-E9AA-49DF-9AE0-1101AB51FB9E}.Release|x86.Build.0 = Release|Any CPU
		{D7107311-6EA1-4FE8-B041-8CD4C0DAE846}.Debug|Any CPU.ActiveCfg = Debug|Any CPU
		{D7107311-6EA1-4FE8-B041-8CD4C0DAE846}.Debug|Any CPU.Build.0 = Debug|Any CPU
		{D7107311-6EA1-4FE8-B041-8CD4C0DAE846}.Debug|x64.ActiveCfg = Debug|Any CPU
		{D7107311-6EA1-4FE8-B041-8CD4C0DAE846}.Debug|x64.Build.0 = Debug|Any CPU
		{D7107311-6EA1-4FE8-B041-8CD4C0DAE846}.Debug|x86.ActiveCfg = Debug|Any CPU
		{D7107311-6EA1-4FE8-B041-8CD4C0DAE846}.Debug|x86.Build.0 = Debug|Any CPU
		{D7107311-6EA1-4FE8-B041-8CD4C0DAE846}.Release|Any CPU.ActiveCfg = Release|Any CPU
		{D7107311-6EA1-4FE8-B041-8CD4C0DAE846}.Release|Any CPU.Build.0 = Release|Any CPU
		{D7107311-6EA1-4FE8-B041-8CD4C0DAE846}.Release|x64.ActiveCfg = Release|Any CPU
		{D7107311-6EA1-4FE8-B041-8CD4C0DAE846}.Release|x64.Build.0 = Release|Any CPU
		{D7107311-6EA1-4FE8-B041-8CD4C0DAE846}.Release|x86.ActiveCfg = Release|Any CPU
		{D7107311-6EA1-4FE8-B041-8CD4C0DAE846}.Release|x86.Build.0 = Release|Any CPU
		{FC575F5D-0D58-40BD-BD9E-F2FCB839BF36}.Debug|Any CPU.ActiveCfg = Debug|Any CPU
		{FC575F5D-0D58-40BD-BD9E-F2FCB839BF36}.Debug|Any CPU.Build.0 = Debug|Any CPU
		{FC575F5D-0D58-40BD-BD9E-F2FCB839BF36}.Debug|x64.ActiveCfg = Debug|Any CPU
		{FC575F5D-0D58-40BD-BD9E-F2FCB839BF36}.Debug|x64.Build.0 = Debug|Any CPU
		{FC575F5D-0D58-40BD-BD9E-F2FCB839BF36}.Debug|x86.ActiveCfg = Debug|Any CPU
		{FC575F5D-0D58-40BD-BD9E-F2FCB839BF36}.Debug|x86.Build.0 = Debug|Any CPU
		{FC575F5D-0D58-40BD-BD9E-F2FCB839BF36}.Release|Any CPU.ActiveCfg = Release|Any CPU
		{FC575F5D-0D58-40BD-BD9E-F2FCB839BF36}.Release|Any CPU.Build.0 = Release|Any CPU
		{FC575F5D-0D58-40BD-BD9E-F2FCB839BF36}.Release|x64.ActiveCfg = Release|Any CPU
		{FC575F5D-0D58-40BD-BD9E-F2FCB839BF36}.Release|x64.Build.0 = Release|Any CPU
		{FC575F5D-0D58-40BD-BD9E-F2FCB839BF36}.Release|x86.ActiveCfg = Release|Any CPU
		{FC575F5D-0D58-40BD-BD9E-F2FCB839BF36}.Release|x86.Build.0 = Release|Any CPU
		{EE0FF9BE-CA05-4F8E-89FD-34F3DA869D9E}.Debug|Any CPU.ActiveCfg = Debug|Any CPU
		{EE0FF9BE-CA05-4F8E-89FD-34F3DA869D9E}.Debug|Any CPU.Build.0 = Debug|Any CPU
		{EE0FF9BE-CA05-4F8E-89FD-34F3DA869D9E}.Debug|x64.ActiveCfg = Debug|Any CPU
		{EE0FF9BE-CA05-4F8E-89FD-34F3DA869D9E}.Debug|x64.Build.0 = Debug|Any CPU
		{EE0FF9BE-CA05-4F8E-89FD-34F3DA869D9E}.Debug|x86.ActiveCfg = Debug|Any CPU
		{EE0FF9BE-CA05-4F8E-89FD-34F3DA869D9E}.Debug|x86.Build.0 = Debug|Any CPU
		{EE0FF9BE-CA05-4F8E-89FD-34F3DA869D9E}.Release|Any CPU.ActiveCfg = Release|Any CPU
		{EE0FF9BE-CA05-4F8E-89FD-34F3DA869D9E}.Release|Any CPU.Build.0 = Release|Any CPU
		{EE0FF9BE-CA05-4F8E-89FD-34F3DA869D9E}.Release|x64.ActiveCfg = Release|Any CPU
		{EE0FF9BE-CA05-4F8E-89FD-34F3DA869D9E}.Release|x64.Build.0 = Release|Any CPU
		{EE0FF9BE-CA05-4F8E-89FD-34F3DA869D9E}.Release|x86.ActiveCfg = Release|Any CPU
		{EE0FF9BE-CA05-4F8E-89FD-34F3DA869D9E}.Release|x86.Build.0 = Release|Any CPU
		{483731C1-F19E-4EF0-80F5-35480273CB51}.Debug|Any CPU.ActiveCfg = Debug|Any CPU
		{483731C1-F19E-4EF0-80F5-35480273CB51}.Debug|Any CPU.Build.0 = Debug|Any CPU
		{483731C1-F19E-4EF0-80F5-35480273CB51}.Debug|x64.ActiveCfg = Debug|Any CPU
		{483731C1-F19E-4EF0-80F5-35480273CB51}.Debug|x64.Build.0 = Debug|Any CPU
		{483731C1-F19E-4EF0-80F5-35480273CB51}.Debug|x86.ActiveCfg = Debug|Any CPU
		{483731C1-F19E-4EF0-80F5-35480273CB51}.Debug|x86.Build.0 = Debug|Any CPU
		{483731C1-F19E-4EF0-80F5-35480273CB51}.Release|Any CPU.ActiveCfg = Release|Any CPU
		{483731C1-F19E-4EF0-80F5-35480273CB51}.Release|Any CPU.Build.0 = Release|Any CPU
		{483731C1-F19E-4EF0-80F5-35480273CB51}.Release|x64.ActiveCfg = Release|Any CPU
		{483731C1-F19E-4EF0-80F5-35480273CB51}.Release|x64.Build.0 = Release|Any CPU
		{483731C1-F19E-4EF0-80F5-35480273CB51}.Release|x86.ActiveCfg = Release|Any CPU
		{483731C1-F19E-4EF0-80F5-35480273CB51}.Release|x86.Build.0 = Release|Any CPU
		{1906D01B-A861-433B-8399-12D2549A0F2D}.Debug|Any CPU.ActiveCfg = Debug|Any CPU
		{1906D01B-A861-433B-8399-12D2549A0F2D}.Debug|Any CPU.Build.0 = Debug|Any CPU
		{1906D01B-A861-433B-8399-12D2549A0F2D}.Debug|x64.ActiveCfg = Debug|Any CPU
		{1906D01B-A861-433B-8399-12D2549A0F2D}.Debug|x64.Build.0 = Debug|Any CPU
		{1906D01B-A861-433B-8399-12D2549A0F2D}.Debug|x86.ActiveCfg = Debug|Any CPU
		{1906D01B-A861-433B-8399-12D2549A0F2D}.Debug|x86.Build.0 = Debug|Any CPU
		{1906D01B-A861-433B-8399-12D2549A0F2D}.Release|Any CPU.ActiveCfg = Release|Any CPU
		{1906D01B-A861-433B-8399-12D2549A0F2D}.Release|Any CPU.Build.0 = Release|Any CPU
		{1906D01B-A861-433B-8399-12D2549A0F2D}.Release|x64.ActiveCfg = Release|Any CPU
		{1906D01B-A861-433B-8399-12D2549A0F2D}.Release|x64.Build.0 = Release|Any CPU
		{1906D01B-A861-433B-8399-12D2549A0F2D}.Release|x86.ActiveCfg = Release|Any CPU
		{1906D01B-A861-433B-8399-12D2549A0F2D}.Release|x86.Build.0 = Release|Any CPU
		{4E6AA159-8699-4B8D-B0CA-CEFD23B94109}.Debug|Any CPU.ActiveCfg = Debug|Any CPU
		{4E6AA159-8699-4B8D-B0CA-CEFD23B94109}.Debug|Any CPU.Build.0 = Debug|Any CPU
		{4E6AA159-8699-4B8D-B0CA-CEFD23B94109}.Debug|x64.ActiveCfg = Debug|Any CPU
		{4E6AA159-8699-4B8D-B0CA-CEFD23B94109}.Debug|x64.Build.0 = Debug|Any CPU
		{4E6AA159-8699-4B8D-B0CA-CEFD23B94109}.Debug|x86.ActiveCfg = Debug|Any CPU
		{4E6AA159-8699-4B8D-B0CA-CEFD23B94109}.Debug|x86.Build.0 = Debug|Any CPU
		{4E6AA159-8699-4B8D-B0CA-CEFD23B94109}.Release|Any CPU.ActiveCfg = Release|Any CPU
		{4E6AA159-8699-4B8D-B0CA-CEFD23B94109}.Release|Any CPU.Build.0 = Release|Any CPU
		{4E6AA159-8699-4B8D-B0CA-CEFD23B94109}.Release|x64.ActiveCfg = Release|Any CPU
		{4E6AA159-8699-4B8D-B0CA-CEFD23B94109}.Release|x64.Build.0 = Release|Any CPU
		{4E6AA159-8699-4B8D-B0CA-CEFD23B94109}.Release|x86.ActiveCfg = Release|Any CPU
		{4E6AA159-8699-4B8D-B0CA-CEFD23B94109}.Release|x86.Build.0 = Release|Any CPU
		{33E45B57-E649-449F-8E3E-99CF8F8D7AE6}.Debug|Any CPU.ActiveCfg = Debug|Any CPU
		{33E45B57-E649-449F-8E3E-99CF8F8D7AE6}.Debug|Any CPU.Build.0 = Debug|Any CPU
		{33E45B57-E649-449F-8E3E-99CF8F8D7AE6}.Debug|x64.ActiveCfg = Debug|Any CPU
		{33E45B57-E649-449F-8E3E-99CF8F8D7AE6}.Debug|x64.Build.0 = Debug|Any CPU
		{33E45B57-E649-449F-8E3E-99CF8F8D7AE6}.Debug|x86.ActiveCfg = Debug|Any CPU
		{33E45B57-E649-449F-8E3E-99CF8F8D7AE6}.Debug|x86.Build.0 = Debug|Any CPU
		{33E45B57-E649-449F-8E3E-99CF8F8D7AE6}.Release|Any CPU.ActiveCfg = Release|Any CPU
		{33E45B57-E649-449F-8E3E-99CF8F8D7AE6}.Release|Any CPU.Build.0 = Release|Any CPU
		{33E45B57-E649-449F-8E3E-99CF8F8D7AE6}.Release|x64.ActiveCfg = Release|Any CPU
		{33E45B57-E649-449F-8E3E-99CF8F8D7AE6}.Release|x64.Build.0 = Release|Any CPU
		{33E45B57-E649-449F-8E3E-99CF8F8D7AE6}.Release|x86.ActiveCfg = Release|Any CPU
		{33E45B57-E649-449F-8E3E-99CF8F8D7AE6}.Release|x86.Build.0 = Release|Any CPU
		{27301B63-6F26-4085-80A2-B128057347B4}.Debug|Any CPU.ActiveCfg = Debug|Any CPU
		{27301B63-6F26-4085-80A2-B128057347B4}.Debug|Any CPU.Build.0 = Debug|Any CPU
		{27301B63-6F26-4085-80A2-B128057347B4}.Debug|x64.ActiveCfg = Debug|Any CPU
		{27301B63-6F26-4085-80A2-B128057347B4}.Debug|x64.Build.0 = Debug|Any CPU
		{27301B63-6F26-4085-80A2-B128057347B4}.Debug|x86.ActiveCfg = Debug|Any CPU
		{27301B63-6F26-4085-80A2-B128057347B4}.Debug|x86.Build.0 = Debug|Any CPU
		{27301B63-6F26-4085-80A2-B128057347B4}.Release|Any CPU.ActiveCfg = Release|Any CPU
		{27301B63-6F26-4085-80A2-B128057347B4}.Release|Any CPU.Build.0 = Release|Any CPU
		{27301B63-6F26-4085-80A2-B128057347B4}.Release|x64.ActiveCfg = Release|Any CPU
		{27301B63-6F26-4085-80A2-B128057347B4}.Release|x64.Build.0 = Release|Any CPU
		{27301B63-6F26-4085-80A2-B128057347B4}.Release|x86.ActiveCfg = Release|Any CPU
		{27301B63-6F26-4085-80A2-B128057347B4}.Release|x86.Build.0 = Release|Any CPU
		{31561446-B8E2-4A5B-B180-D06CD24CF569}.Debug|Any CPU.ActiveCfg = Debug|Any CPU
		{31561446-B8E2-4A5B-B180-D06CD24CF569}.Debug|Any CPU.Build.0 = Debug|Any CPU
		{31561446-B8E2-4A5B-B180-D06CD24CF569}.Debug|x64.ActiveCfg = Debug|Any CPU
		{31561446-B8E2-4A5B-B180-D06CD24CF569}.Debug|x64.Build.0 = Debug|Any CPU
		{31561446-B8E2-4A5B-B180-D06CD24CF569}.Debug|x86.ActiveCfg = Debug|Any CPU
		{31561446-B8E2-4A5B-B180-D06CD24CF569}.Debug|x86.Build.0 = Debug|Any CPU
		{31561446-B8E2-4A5B-B180-D06CD24CF569}.Release|Any CPU.ActiveCfg = Release|Any CPU
		{31561446-B8E2-4A5B-B180-D06CD24CF569}.Release|Any CPU.Build.0 = Release|Any CPU
		{31561446-B8E2-4A5B-B180-D06CD24CF569}.Release|x64.ActiveCfg = Release|Any CPU
		{31561446-B8E2-4A5B-B180-D06CD24CF569}.Release|x64.Build.0 = Release|Any CPU
		{31561446-B8E2-4A5B-B180-D06CD24CF569}.Release|x86.ActiveCfg = Release|Any CPU
		{31561446-B8E2-4A5B-B180-D06CD24CF569}.Release|x86.Build.0 = Release|Any CPU
		{12ECF498-6C75-4909-80D8-69A547EE2181}.Debug|Any CPU.ActiveCfg = Debug|Any CPU
		{12ECF498-6C75-4909-80D8-69A547EE2181}.Debug|Any CPU.Build.0 = Debug|Any CPU
		{12ECF498-6C75-4909-80D8-69A547EE2181}.Debug|x64.ActiveCfg = Debug|Any CPU
		{12ECF498-6C75-4909-80D8-69A547EE2181}.Debug|x64.Build.0 = Debug|Any CPU
		{12ECF498-6C75-4909-80D8-69A547EE2181}.Debug|x86.ActiveCfg = Debug|Any CPU
		{12ECF498-6C75-4909-80D8-69A547EE2181}.Debug|x86.Build.0 = Debug|Any CPU
		{12ECF498-6C75-4909-80D8-69A547EE2181}.Release|Any CPU.ActiveCfg = Release|Any CPU
		{12ECF498-6C75-4909-80D8-69A547EE2181}.Release|Any CPU.Build.0 = Release|Any CPU
		{12ECF498-6C75-4909-80D8-69A547EE2181}.Release|x64.ActiveCfg = Release|Any CPU
		{12ECF498-6C75-4909-80D8-69A547EE2181}.Release|x64.Build.0 = Release|Any CPU
		{12ECF498-6C75-4909-80D8-69A547EE2181}.Release|x86.ActiveCfg = Release|Any CPU
		{12ECF498-6C75-4909-80D8-69A547EE2181}.Release|x86.Build.0 = Release|Any CPU
		{B3DD5AF9-BD69-460A-B1D1-08F0964A0EEC}.Debug|Any CPU.ActiveCfg = Debug|Any CPU
		{B3DD5AF9-BD69-460A-B1D1-08F0964A0EEC}.Debug|Any CPU.Build.0 = Debug|Any CPU
		{B3DD5AF9-BD69-460A-B1D1-08F0964A0EEC}.Debug|x64.ActiveCfg = Debug|Any CPU
		{B3DD5AF9-BD69-460A-B1D1-08F0964A0EEC}.Debug|x64.Build.0 = Debug|Any CPU
		{B3DD5AF9-BD69-460A-B1D1-08F0964A0EEC}.Debug|x86.ActiveCfg = Debug|Any CPU
		{B3DD5AF9-BD69-460A-B1D1-08F0964A0EEC}.Debug|x86.Build.0 = Debug|Any CPU
		{B3DD5AF9-BD69-460A-B1D1-08F0964A0EEC}.Release|Any CPU.ActiveCfg = Release|Any CPU
		{B3DD5AF9-BD69-460A-B1D1-08F0964A0EEC}.Release|Any CPU.Build.0 = Release|Any CPU
		{B3DD5AF9-BD69-460A-B1D1-08F0964A0EEC}.Release|x64.ActiveCfg = Release|Any CPU
		{B3DD5AF9-BD69-460A-B1D1-08F0964A0EEC}.Release|x64.Build.0 = Release|Any CPU
		{B3DD5AF9-BD69-460A-B1D1-08F0964A0EEC}.Release|x86.ActiveCfg = Release|Any CPU
		{B3DD5AF9-BD69-460A-B1D1-08F0964A0EEC}.Release|x86.Build.0 = Release|Any CPU
		{45CD8642-DC71-4D10-95F3-CC3583A6DA1A}.Debug|Any CPU.ActiveCfg = Debug|Any CPU
		{45CD8642-DC71-4D10-95F3-CC3583A6DA1A}.Debug|Any CPU.Build.0 = Debug|Any CPU
		{45CD8642-DC71-4D10-95F3-CC3583A6DA1A}.Debug|x64.ActiveCfg = Debug|Any CPU
		{45CD8642-DC71-4D10-95F3-CC3583A6DA1A}.Debug|x64.Build.0 = Debug|Any CPU
		{45CD8642-DC71-4D10-95F3-CC3583A6DA1A}.Debug|x86.ActiveCfg = Debug|Any CPU
		{45CD8642-DC71-4D10-95F3-CC3583A6DA1A}.Debug|x86.Build.0 = Debug|Any CPU
		{45CD8642-DC71-4D10-95F3-CC3583A6DA1A}.Release|Any CPU.ActiveCfg = Release|Any CPU
		{45CD8642-DC71-4D10-95F3-CC3583A6DA1A}.Release|Any CPU.Build.0 = Release|Any CPU
		{45CD8642-DC71-4D10-95F3-CC3583A6DA1A}.Release|x64.ActiveCfg = Release|Any CPU
		{45CD8642-DC71-4D10-95F3-CC3583A6DA1A}.Release|x64.Build.0 = Release|Any CPU
		{45CD8642-DC71-4D10-95F3-CC3583A6DA1A}.Release|x86.ActiveCfg = Release|Any CPU
		{45CD8642-DC71-4D10-95F3-CC3583A6DA1A}.Release|x86.Build.0 = Release|Any CPU
		{6B4F0CF9-3BE3-4429-BBB1-6BF36AA64D8C}.Debug|Any CPU.ActiveCfg = Debug|Any CPU
		{6B4F0CF9-3BE3-4429-BBB1-6BF36AA64D8C}.Debug|Any CPU.Build.0 = Debug|Any CPU
		{6B4F0CF9-3BE3-4429-BBB1-6BF36AA64D8C}.Debug|x64.ActiveCfg = Debug|Any CPU
		{6B4F0CF9-3BE3-4429-BBB1-6BF36AA64D8C}.Debug|x64.Build.0 = Debug|Any CPU
		{6B4F0CF9-3BE3-4429-BBB1-6BF36AA64D8C}.Debug|x86.ActiveCfg = Debug|Any CPU
		{6B4F0CF9-3BE3-4429-BBB1-6BF36AA64D8C}.Debug|x86.Build.0 = Debug|Any CPU
		{6B4F0CF9-3BE3-4429-BBB1-6BF36AA64D8C}.Release|Any CPU.ActiveCfg = Release|Any CPU
		{6B4F0CF9-3BE3-4429-BBB1-6BF36AA64D8C}.Release|Any CPU.Build.0 = Release|Any CPU
		{6B4F0CF9-3BE3-4429-BBB1-6BF36AA64D8C}.Release|x64.ActiveCfg = Release|Any CPU
		{6B4F0CF9-3BE3-4429-BBB1-6BF36AA64D8C}.Release|x64.Build.0 = Release|Any CPU
		{6B4F0CF9-3BE3-4429-BBB1-6BF36AA64D8C}.Release|x86.ActiveCfg = Release|Any CPU
		{6B4F0CF9-3BE3-4429-BBB1-6BF36AA64D8C}.Release|x86.Build.0 = Release|Any CPU
		{9E5CCD75-98B5-41F2-AB59-77A4FB20F068}.Debug|Any CPU.ActiveCfg = Debug|Any CPU
		{9E5CCD75-98B5-41F2-AB59-77A4FB20F068}.Debug|Any CPU.Build.0 = Debug|Any CPU
		{9E5CCD75-98B5-41F2-AB59-77A4FB20F068}.Debug|x64.ActiveCfg = Debug|Any CPU
		{9E5CCD75-98B5-41F2-AB59-77A4FB20F068}.Debug|x64.Build.0 = Debug|Any CPU
		{9E5CCD75-98B5-41F2-AB59-77A4FB20F068}.Debug|x86.ActiveCfg = Debug|Any CPU
		{9E5CCD75-98B5-41F2-AB59-77A4FB20F068}.Debug|x86.Build.0 = Debug|Any CPU
		{9E5CCD75-98B5-41F2-AB59-77A4FB20F068}.Release|Any CPU.ActiveCfg = Release|Any CPU
		{9E5CCD75-98B5-41F2-AB59-77A4FB20F068}.Release|Any CPU.Build.0 = Release|Any CPU
		{9E5CCD75-98B5-41F2-AB59-77A4FB20F068}.Release|x64.ActiveCfg = Release|Any CPU
		{9E5CCD75-98B5-41F2-AB59-77A4FB20F068}.Release|x64.Build.0 = Release|Any CPU
		{9E5CCD75-98B5-41F2-AB59-77A4FB20F068}.Release|x86.ActiveCfg = Release|Any CPU
		{9E5CCD75-98B5-41F2-AB59-77A4FB20F068}.Release|x86.Build.0 = Release|Any CPU
		{2AB52865-D51C-428A-A4C3-DC3223E5ACA3}.Debug|Any CPU.ActiveCfg = Debug|Any CPU
		{2AB52865-D51C-428A-A4C3-DC3223E5ACA3}.Debug|Any CPU.Build.0 = Debug|Any CPU
		{2AB52865-D51C-428A-A4C3-DC3223E5ACA3}.Debug|x64.ActiveCfg = Debug|Any CPU
		{2AB52865-D51C-428A-A4C3-DC3223E5ACA3}.Debug|x64.Build.0 = Debug|Any CPU
		{2AB52865-D51C-428A-A4C3-DC3223E5ACA3}.Debug|x86.ActiveCfg = Debug|Any CPU
		{2AB52865-D51C-428A-A4C3-DC3223E5ACA3}.Debug|x86.Build.0 = Debug|Any CPU
		{2AB52865-D51C-428A-A4C3-DC3223E5ACA3}.Release|Any CPU.ActiveCfg = Release|Any CPU
		{2AB52865-D51C-428A-A4C3-DC3223E5ACA3}.Release|Any CPU.Build.0 = Release|Any CPU
		{2AB52865-D51C-428A-A4C3-DC3223E5ACA3}.Release|x64.ActiveCfg = Release|Any CPU
		{2AB52865-D51C-428A-A4C3-DC3223E5ACA3}.Release|x64.Build.0 = Release|Any CPU
		{2AB52865-D51C-428A-A4C3-DC3223E5ACA3}.Release|x86.ActiveCfg = Release|Any CPU
		{2AB52865-D51C-428A-A4C3-DC3223E5ACA3}.Release|x86.Build.0 = Release|Any CPU
		{FCF4CCED-41FB-4F32-BECA-01AC5E094380}.Debug|Any CPU.ActiveCfg = Debug|Any CPU
		{FCF4CCED-41FB-4F32-BECA-01AC5E094380}.Debug|Any CPU.Build.0 = Debug|Any CPU
		{FCF4CCED-41FB-4F32-BECA-01AC5E094380}.Debug|x64.ActiveCfg = Debug|Any CPU
		{FCF4CCED-41FB-4F32-BECA-01AC5E094380}.Debug|x64.Build.0 = Debug|Any CPU
		{FCF4CCED-41FB-4F32-BECA-01AC5E094380}.Debug|x86.ActiveCfg = Debug|Any CPU
		{FCF4CCED-41FB-4F32-BECA-01AC5E094380}.Debug|x86.Build.0 = Debug|Any CPU
		{FCF4CCED-41FB-4F32-BECA-01AC5E094380}.Release|Any CPU.ActiveCfg = Release|Any CPU
		{FCF4CCED-41FB-4F32-BECA-01AC5E094380}.Release|Any CPU.Build.0 = Release|Any CPU
		{FCF4CCED-41FB-4F32-BECA-01AC5E094380}.Release|x64.ActiveCfg = Release|Any CPU
		{FCF4CCED-41FB-4F32-BECA-01AC5E094380}.Release|x64.Build.0 = Release|Any CPU
		{FCF4CCED-41FB-4F32-BECA-01AC5E094380}.Release|x86.ActiveCfg = Release|Any CPU
		{FCF4CCED-41FB-4F32-BECA-01AC5E094380}.Release|x86.Build.0 = Release|Any CPU
		{7A5328A2-7C8F-4CB1-8D20-C66B26E07D2B}.Debug|Any CPU.ActiveCfg = Debug|Any CPU
		{7A5328A2-7C8F-4CB1-8D20-C66B26E07D2B}.Debug|Any CPU.Build.0 = Debug|Any CPU
		{7A5328A2-7C8F-4CB1-8D20-C66B26E07D2B}.Debug|x64.ActiveCfg = Debug|Any CPU
		{7A5328A2-7C8F-4CB1-8D20-C66B26E07D2B}.Debug|x64.Build.0 = Debug|Any CPU
		{7A5328A2-7C8F-4CB1-8D20-C66B26E07D2B}.Debug|x86.ActiveCfg = Debug|Any CPU
		{7A5328A2-7C8F-4CB1-8D20-C66B26E07D2B}.Debug|x86.Build.0 = Debug|Any CPU
		{7A5328A2-7C8F-4CB1-8D20-C66B26E07D2B}.Release|Any CPU.ActiveCfg = Release|Any CPU
		{7A5328A2-7C8F-4CB1-8D20-C66B26E07D2B}.Release|Any CPU.Build.0 = Release|Any CPU
		{7A5328A2-7C8F-4CB1-8D20-C66B26E07D2B}.Release|x64.ActiveCfg = Release|Any CPU
		{7A5328A2-7C8F-4CB1-8D20-C66B26E07D2B}.Release|x64.Build.0 = Release|Any CPU
		{7A5328A2-7C8F-4CB1-8D20-C66B26E07D2B}.Release|x86.ActiveCfg = Release|Any CPU
		{7A5328A2-7C8F-4CB1-8D20-C66B26E07D2B}.Release|x86.Build.0 = Release|Any CPU
		{20C76638-8F59-48A5-9CFE-CBF921E4927A}.Debug|Any CPU.ActiveCfg = Debug|Any CPU
		{20C76638-8F59-48A5-9CFE-CBF921E4927A}.Debug|Any CPU.Build.0 = Debug|Any CPU
		{20C76638-8F59-48A5-9CFE-CBF921E4927A}.Debug|x64.ActiveCfg = Debug|Any CPU
		{20C76638-8F59-48A5-9CFE-CBF921E4927A}.Debug|x64.Build.0 = Debug|Any CPU
		{20C76638-8F59-48A5-9CFE-CBF921E4927A}.Debug|x86.ActiveCfg = Debug|Any CPU
		{20C76638-8F59-48A5-9CFE-CBF921E4927A}.Debug|x86.Build.0 = Debug|Any CPU
		{20C76638-8F59-48A5-9CFE-CBF921E4927A}.Release|Any CPU.ActiveCfg = Release|Any CPU
		{20C76638-8F59-48A5-9CFE-CBF921E4927A}.Release|Any CPU.Build.0 = Release|Any CPU
		{20C76638-8F59-48A5-9CFE-CBF921E4927A}.Release|x64.ActiveCfg = Release|Any CPU
		{20C76638-8F59-48A5-9CFE-CBF921E4927A}.Release|x64.Build.0 = Release|Any CPU
		{20C76638-8F59-48A5-9CFE-CBF921E4927A}.Release|x86.ActiveCfg = Release|Any CPU
		{20C76638-8F59-48A5-9CFE-CBF921E4927A}.Release|x86.Build.0 = Release|Any CPU
		{C04AFC28-3A1B-49DD-B72F-3E7182BE4CC1}.Debug|Any CPU.ActiveCfg = Debug|Any CPU
		{C04AFC28-3A1B-49DD-B72F-3E7182BE4CC1}.Debug|Any CPU.Build.0 = Debug|Any CPU
		{C04AFC28-3A1B-49DD-B72F-3E7182BE4CC1}.Debug|x64.ActiveCfg = Debug|Any CPU
		{C04AFC28-3A1B-49DD-B72F-3E7182BE4CC1}.Debug|x64.Build.0 = Debug|Any CPU
		{C04AFC28-3A1B-49DD-B72F-3E7182BE4CC1}.Debug|x86.ActiveCfg = Debug|Any CPU
		{C04AFC28-3A1B-49DD-B72F-3E7182BE4CC1}.Debug|x86.Build.0 = Debug|Any CPU
		{C04AFC28-3A1B-49DD-B72F-3E7182BE4CC1}.Release|Any CPU.ActiveCfg = Release|Any CPU
		{C04AFC28-3A1B-49DD-B72F-3E7182BE4CC1}.Release|Any CPU.Build.0 = Release|Any CPU
		{C04AFC28-3A1B-49DD-B72F-3E7182BE4CC1}.Release|x64.ActiveCfg = Release|Any CPU
		{C04AFC28-3A1B-49DD-B72F-3E7182BE4CC1}.Release|x64.Build.0 = Release|Any CPU
		{C04AFC28-3A1B-49DD-B72F-3E7182BE4CC1}.Release|x86.ActiveCfg = Release|Any CPU
		{C04AFC28-3A1B-49DD-B72F-3E7182BE4CC1}.Release|x86.Build.0 = Release|Any CPU
		{36F76BBF-D6EB-4661-A0A7-F2A5B1316218}.Debug|Any CPU.ActiveCfg = Debug|Any CPU
		{36F76BBF-D6EB-4661-A0A7-F2A5B1316218}.Debug|Any CPU.Build.0 = Debug|Any CPU
		{36F76BBF-D6EB-4661-A0A7-F2A5B1316218}.Debug|x64.ActiveCfg = Debug|Any CPU
		{36F76BBF-D6EB-4661-A0A7-F2A5B1316218}.Debug|x64.Build.0 = Debug|Any CPU
		{36F76BBF-D6EB-4661-A0A7-F2A5B1316218}.Debug|x86.ActiveCfg = Debug|Any CPU
		{36F76BBF-D6EB-4661-A0A7-F2A5B1316218}.Debug|x86.Build.0 = Debug|Any CPU
		{36F76BBF-D6EB-4661-A0A7-F2A5B1316218}.Release|Any CPU.ActiveCfg = Release|Any CPU
		{36F76BBF-D6EB-4661-A0A7-F2A5B1316218}.Release|Any CPU.Build.0 = Release|Any CPU
		{36F76BBF-D6EB-4661-A0A7-F2A5B1316218}.Release|x64.ActiveCfg = Release|Any CPU
		{36F76BBF-D6EB-4661-A0A7-F2A5B1316218}.Release|x64.Build.0 = Release|Any CPU
		{36F76BBF-D6EB-4661-A0A7-F2A5B1316218}.Release|x86.ActiveCfg = Release|Any CPU
		{36F76BBF-D6EB-4661-A0A7-F2A5B1316218}.Release|x86.Build.0 = Release|Any CPU
		{CBB90FD0-3A65-4E0E-A90A-2C927948A59D}.Debug|Any CPU.ActiveCfg = Debug|Any CPU
		{CBB90FD0-3A65-4E0E-A90A-2C927948A59D}.Debug|Any CPU.Build.0 = Debug|Any CPU
		{CBB90FD0-3A65-4E0E-A90A-2C927948A59D}.Debug|x64.ActiveCfg = Debug|Any CPU
		{CBB90FD0-3A65-4E0E-A90A-2C927948A59D}.Debug|x64.Build.0 = Debug|Any CPU
		{CBB90FD0-3A65-4E0E-A90A-2C927948A59D}.Debug|x86.ActiveCfg = Debug|Any CPU
		{CBB90FD0-3A65-4E0E-A90A-2C927948A59D}.Debug|x86.Build.0 = Debug|Any CPU
		{CBB90FD0-3A65-4E0E-A90A-2C927948A59D}.Release|Any CPU.ActiveCfg = Release|Any CPU
		{CBB90FD0-3A65-4E0E-A90A-2C927948A59D}.Release|Any CPU.Build.0 = Release|Any CPU
		{CBB90FD0-3A65-4E0E-A90A-2C927948A59D}.Release|x64.ActiveCfg = Release|Any CPU
		{CBB90FD0-3A65-4E0E-A90A-2C927948A59D}.Release|x64.Build.0 = Release|Any CPU
		{CBB90FD0-3A65-4E0E-A90A-2C927948A59D}.Release|x86.ActiveCfg = Release|Any CPU
		{CBB90FD0-3A65-4E0E-A90A-2C927948A59D}.Release|x86.Build.0 = Release|Any CPU
		{A87BAFEE-95B2-45F9-BB4C-9A098F07826F}.Debug|Any CPU.ActiveCfg = Debug|Any CPU
		{A87BAFEE-95B2-45F9-BB4C-9A098F07826F}.Debug|Any CPU.Build.0 = Debug|Any CPU
		{A87BAFEE-95B2-45F9-BB4C-9A098F07826F}.Debug|x64.ActiveCfg = Debug|Any CPU
		{A87BAFEE-95B2-45F9-BB4C-9A098F07826F}.Debug|x64.Build.0 = Debug|Any CPU
		{A87BAFEE-95B2-45F9-BB4C-9A098F07826F}.Debug|x86.ActiveCfg = Debug|Any CPU
		{A87BAFEE-95B2-45F9-BB4C-9A098F07826F}.Debug|x86.Build.0 = Debug|Any CPU
		{A87BAFEE-95B2-45F9-BB4C-9A098F07826F}.Release|Any CPU.ActiveCfg = Release|Any CPU
		{A87BAFEE-95B2-45F9-BB4C-9A098F07826F}.Release|Any CPU.Build.0 = Release|Any CPU
		{A87BAFEE-95B2-45F9-BB4C-9A098F07826F}.Release|x64.ActiveCfg = Release|Any CPU
		{A87BAFEE-95B2-45F9-BB4C-9A098F07826F}.Release|x64.Build.0 = Release|Any CPU
		{A87BAFEE-95B2-45F9-BB4C-9A098F07826F}.Release|x86.ActiveCfg = Release|Any CPU
		{A87BAFEE-95B2-45F9-BB4C-9A098F07826F}.Release|x86.Build.0 = Release|Any CPU
		{8D51DADD-9D19-4D5E-9702-778F907557DF}.Debug|Any CPU.ActiveCfg = Debug|Any CPU
		{8D51DADD-9D19-4D5E-9702-778F907557DF}.Debug|Any CPU.Build.0 = Debug|Any CPU
		{8D51DADD-9D19-4D5E-9702-778F907557DF}.Debug|x64.ActiveCfg = Debug|Any CPU
		{8D51DADD-9D19-4D5E-9702-778F907557DF}.Debug|x64.Build.0 = Debug|Any CPU
		{8D51DADD-9D19-4D5E-9702-778F907557DF}.Debug|x86.ActiveCfg = Debug|Any CPU
		{8D51DADD-9D19-4D5E-9702-778F907557DF}.Debug|x86.Build.0 = Debug|Any CPU
		{8D51DADD-9D19-4D5E-9702-778F907557DF}.Release|Any CPU.ActiveCfg = Release|Any CPU
		{8D51DADD-9D19-4D5E-9702-778F907557DF}.Release|Any CPU.Build.0 = Release|Any CPU
		{8D51DADD-9D19-4D5E-9702-778F907557DF}.Release|x64.ActiveCfg = Release|Any CPU
		{8D51DADD-9D19-4D5E-9702-778F907557DF}.Release|x64.Build.0 = Release|Any CPU
		{8D51DADD-9D19-4D5E-9702-778F907557DF}.Release|x86.ActiveCfg = Release|Any CPU
		{8D51DADD-9D19-4D5E-9702-778F907557DF}.Release|x86.Build.0 = Release|Any CPU
		{E579EBD4-E5BA-4852-B49D-53C3C6120F81}.Debug|Any CPU.ActiveCfg = Debug|Any CPU
		{E579EBD4-E5BA-4852-B49D-53C3C6120F81}.Debug|Any CPU.Build.0 = Debug|Any CPU
		{E579EBD4-E5BA-4852-B49D-53C3C6120F81}.Debug|x64.ActiveCfg = Debug|Any CPU
		{E579EBD4-E5BA-4852-B49D-53C3C6120F81}.Debug|x64.Build.0 = Debug|Any CPU
		{E579EBD4-E5BA-4852-B49D-53C3C6120F81}.Debug|x86.ActiveCfg = Debug|Any CPU
		{E579EBD4-E5BA-4852-B49D-53C3C6120F81}.Debug|x86.Build.0 = Debug|Any CPU
		{E579EBD4-E5BA-4852-B49D-53C3C6120F81}.Release|Any CPU.ActiveCfg = Release|Any CPU
		{E579EBD4-E5BA-4852-B49D-53C3C6120F81}.Release|Any CPU.Build.0 = Release|Any CPU
		{E579EBD4-E5BA-4852-B49D-53C3C6120F81}.Release|x64.ActiveCfg = Release|Any CPU
		{E579EBD4-E5BA-4852-B49D-53C3C6120F81}.Release|x64.Build.0 = Release|Any CPU
		{E579EBD4-E5BA-4852-B49D-53C3C6120F81}.Release|x86.ActiveCfg = Release|Any CPU
		{E579EBD4-E5BA-4852-B49D-53C3C6120F81}.Release|x86.Build.0 = Release|Any CPU
		{28EA7B60-1D86-4D30-9146-562EAFCE75CA}.Debug|Any CPU.ActiveCfg = Debug|Any CPU
		{28EA7B60-1D86-4D30-9146-562EAFCE75CA}.Debug|Any CPU.Build.0 = Debug|Any CPU
		{28EA7B60-1D86-4D30-9146-562EAFCE75CA}.Debug|x64.ActiveCfg = Debug|Any CPU
		{28EA7B60-1D86-4D30-9146-562EAFCE75CA}.Debug|x64.Build.0 = Debug|Any CPU
		{28EA7B60-1D86-4D30-9146-562EAFCE75CA}.Debug|x86.ActiveCfg = Debug|Any CPU
		{28EA7B60-1D86-4D30-9146-562EAFCE75CA}.Debug|x86.Build.0 = Debug|Any CPU
		{28EA7B60-1D86-4D30-9146-562EAFCE75CA}.Release|Any CPU.ActiveCfg = Release|Any CPU
		{28EA7B60-1D86-4D30-9146-562EAFCE75CA}.Release|Any CPU.Build.0 = Release|Any CPU
		{28EA7B60-1D86-4D30-9146-562EAFCE75CA}.Release|x64.ActiveCfg = Release|Any CPU
		{28EA7B60-1D86-4D30-9146-562EAFCE75CA}.Release|x64.Build.0 = Release|Any CPU
		{28EA7B60-1D86-4D30-9146-562EAFCE75CA}.Release|x86.ActiveCfg = Release|Any CPU
		{28EA7B60-1D86-4D30-9146-562EAFCE75CA}.Release|x86.Build.0 = Release|Any CPU
		{EC2657B8-59A7-403D-B6FA-07457CA1674B}.Debug|Any CPU.ActiveCfg = Debug|Any CPU
		{EC2657B8-59A7-403D-B6FA-07457CA1674B}.Debug|Any CPU.Build.0 = Debug|Any CPU
		{EC2657B8-59A7-403D-B6FA-07457CA1674B}.Debug|x64.ActiveCfg = Debug|Any CPU
		{EC2657B8-59A7-403D-B6FA-07457CA1674B}.Debug|x64.Build.0 = Debug|Any CPU
		{EC2657B8-59A7-403D-B6FA-07457CA1674B}.Debug|x86.ActiveCfg = Debug|Any CPU
		{EC2657B8-59A7-403D-B6FA-07457CA1674B}.Debug|x86.Build.0 = Debug|Any CPU
		{EC2657B8-59A7-403D-B6FA-07457CA1674B}.Release|Any CPU.ActiveCfg = Release|Any CPU
		{EC2657B8-59A7-403D-B6FA-07457CA1674B}.Release|Any CPU.Build.0 = Release|Any CPU
		{EC2657B8-59A7-403D-B6FA-07457CA1674B}.Release|x64.ActiveCfg = Release|Any CPU
		{EC2657B8-59A7-403D-B6FA-07457CA1674B}.Release|x64.Build.0 = Release|Any CPU
		{EC2657B8-59A7-403D-B6FA-07457CA1674B}.Release|x86.ActiveCfg = Release|Any CPU
		{EC2657B8-59A7-403D-B6FA-07457CA1674B}.Release|x86.Build.0 = Release|Any CPU
		{6D2866EB-8F2E-4291-BBAF-B3CB71D93C88}.Debug|Any CPU.ActiveCfg = Debug|Any CPU
		{6D2866EB-8F2E-4291-BBAF-B3CB71D93C88}.Debug|Any CPU.Build.0 = Debug|Any CPU
		{6D2866EB-8F2E-4291-BBAF-B3CB71D93C88}.Debug|x64.ActiveCfg = Debug|Any CPU
		{6D2866EB-8F2E-4291-BBAF-B3CB71D93C88}.Debug|x64.Build.0 = Debug|Any CPU
		{6D2866EB-8F2E-4291-BBAF-B3CB71D93C88}.Debug|x86.ActiveCfg = Debug|Any CPU
		{6D2866EB-8F2E-4291-BBAF-B3CB71D93C88}.Debug|x86.Build.0 = Debug|Any CPU
		{6D2866EB-8F2E-4291-BBAF-B3CB71D93C88}.Release|Any CPU.ActiveCfg = Release|Any CPU
		{6D2866EB-8F2E-4291-BBAF-B3CB71D93C88}.Release|Any CPU.Build.0 = Release|Any CPU
		{6D2866EB-8F2E-4291-BBAF-B3CB71D93C88}.Release|x64.ActiveCfg = Release|Any CPU
		{6D2866EB-8F2E-4291-BBAF-B3CB71D93C88}.Release|x64.Build.0 = Release|Any CPU
		{6D2866EB-8F2E-4291-BBAF-B3CB71D93C88}.Release|x86.ActiveCfg = Release|Any CPU
		{6D2866EB-8F2E-4291-BBAF-B3CB71D93C88}.Release|x86.Build.0 = Release|Any CPU
		{CFCDEEC9-0D3B-4769-867E-8E971BFF9C31}.Debug|Any CPU.ActiveCfg = Debug|Any CPU
		{CFCDEEC9-0D3B-4769-867E-8E971BFF9C31}.Debug|Any CPU.Build.0 = Debug|Any CPU
		{CFCDEEC9-0D3B-4769-867E-8E971BFF9C31}.Debug|x64.ActiveCfg = Debug|Any CPU
		{CFCDEEC9-0D3B-4769-867E-8E971BFF9C31}.Debug|x64.Build.0 = Debug|Any CPU
		{CFCDEEC9-0D3B-4769-867E-8E971BFF9C31}.Debug|x86.ActiveCfg = Debug|Any CPU
		{CFCDEEC9-0D3B-4769-867E-8E971BFF9C31}.Debug|x86.Build.0 = Debug|Any CPU
		{CFCDEEC9-0D3B-4769-867E-8E971BFF9C31}.Release|Any CPU.ActiveCfg = Release|Any CPU
		{CFCDEEC9-0D3B-4769-867E-8E971BFF9C31}.Release|Any CPU.Build.0 = Release|Any CPU
		{CFCDEEC9-0D3B-4769-867E-8E971BFF9C31}.Release|x64.ActiveCfg = Release|Any CPU
		{CFCDEEC9-0D3B-4769-867E-8E971BFF9C31}.Release|x64.Build.0 = Release|Any CPU
		{CFCDEEC9-0D3B-4769-867E-8E971BFF9C31}.Release|x86.ActiveCfg = Release|Any CPU
		{CFCDEEC9-0D3B-4769-867E-8E971BFF9C31}.Release|x86.Build.0 = Release|Any CPU
		{C7EB5B28-272A-4429-A16F-D09D3272E21D}.Debug|Any CPU.ActiveCfg = Debug|Any CPU
		{C7EB5B28-272A-4429-A16F-D09D3272E21D}.Debug|Any CPU.Build.0 = Debug|Any CPU
		{C7EB5B28-272A-4429-A16F-D09D3272E21D}.Debug|x64.ActiveCfg = Debug|Any CPU
		{C7EB5B28-272A-4429-A16F-D09D3272E21D}.Debug|x64.Build.0 = Debug|Any CPU
		{C7EB5B28-272A-4429-A16F-D09D3272E21D}.Debug|x86.ActiveCfg = Debug|Any CPU
		{C7EB5B28-272A-4429-A16F-D09D3272E21D}.Debug|x86.Build.0 = Debug|Any CPU
		{C7EB5B28-272A-4429-A16F-D09D3272E21D}.Release|Any CPU.ActiveCfg = Release|Any CPU
		{C7EB5B28-272A-4429-A16F-D09D3272E21D}.Release|Any CPU.Build.0 = Release|Any CPU
		{C7EB5B28-272A-4429-A16F-D09D3272E21D}.Release|x64.ActiveCfg = Release|Any CPU
		{C7EB5B28-272A-4429-A16F-D09D3272E21D}.Release|x64.Build.0 = Release|Any CPU
		{C7EB5B28-272A-4429-A16F-D09D3272E21D}.Release|x86.ActiveCfg = Release|Any CPU
		{C7EB5B28-272A-4429-A16F-D09D3272E21D}.Release|x86.Build.0 = Release|Any CPU
		{84CDF5B2-3290-47EB-9C42-E36E105F0428}.Debug|Any CPU.ActiveCfg = Debug|Any CPU
		{84CDF5B2-3290-47EB-9C42-E36E105F0428}.Debug|Any CPU.Build.0 = Debug|Any CPU
		{84CDF5B2-3290-47EB-9C42-E36E105F0428}.Debug|x64.ActiveCfg = Debug|Any CPU
		{84CDF5B2-3290-47EB-9C42-E36E105F0428}.Debug|x64.Build.0 = Debug|Any CPU
		{84CDF5B2-3290-47EB-9C42-E36E105F0428}.Debug|x86.ActiveCfg = Debug|Any CPU
		{84CDF5B2-3290-47EB-9C42-E36E105F0428}.Debug|x86.Build.0 = Debug|Any CPU
		{84CDF5B2-3290-47EB-9C42-E36E105F0428}.Release|Any CPU.ActiveCfg = Release|Any CPU
		{84CDF5B2-3290-47EB-9C42-E36E105F0428}.Release|Any CPU.Build.0 = Release|Any CPU
		{84CDF5B2-3290-47EB-9C42-E36E105F0428}.Release|x64.ActiveCfg = Release|Any CPU
		{84CDF5B2-3290-47EB-9C42-E36E105F0428}.Release|x64.Build.0 = Release|Any CPU
		{84CDF5B2-3290-47EB-9C42-E36E105F0428}.Release|x86.ActiveCfg = Release|Any CPU
		{84CDF5B2-3290-47EB-9C42-E36E105F0428}.Release|x86.Build.0 = Release|Any CPU
		{697101E8-668B-4FA8-93E6-6BC8EEC8C8DD}.Debug|Any CPU.ActiveCfg = Debug|Any CPU
		{697101E8-668B-4FA8-93E6-6BC8EEC8C8DD}.Debug|Any CPU.Build.0 = Debug|Any CPU
		{697101E8-668B-4FA8-93E6-6BC8EEC8C8DD}.Debug|x64.ActiveCfg = Debug|Any CPU
		{697101E8-668B-4FA8-93E6-6BC8EEC8C8DD}.Debug|x64.Build.0 = Debug|Any CPU
		{697101E8-668B-4FA8-93E6-6BC8EEC8C8DD}.Debug|x86.ActiveCfg = Debug|Any CPU
		{697101E8-668B-4FA8-93E6-6BC8EEC8C8DD}.Debug|x86.Build.0 = Debug|Any CPU
		{697101E8-668B-4FA8-93E6-6BC8EEC8C8DD}.Release|Any CPU.ActiveCfg = Release|Any CPU
		{697101E8-668B-4FA8-93E6-6BC8EEC8C8DD}.Release|Any CPU.Build.0 = Release|Any CPU
		{697101E8-668B-4FA8-93E6-6BC8EEC8C8DD}.Release|x64.ActiveCfg = Release|Any CPU
		{697101E8-668B-4FA8-93E6-6BC8EEC8C8DD}.Release|x64.Build.0 = Release|Any CPU
		{697101E8-668B-4FA8-93E6-6BC8EEC8C8DD}.Release|x86.ActiveCfg = Release|Any CPU
		{697101E8-668B-4FA8-93E6-6BC8EEC8C8DD}.Release|x86.Build.0 = Release|Any CPU
		{0E988575-6800-48E3-9EBD-D5EAE3D8799B}.Debug|Any CPU.ActiveCfg = Debug|Any CPU
		{0E988575-6800-48E3-9EBD-D5EAE3D8799B}.Debug|Any CPU.Build.0 = Debug|Any CPU
		{0E988575-6800-48E3-9EBD-D5EAE3D8799B}.Debug|x64.ActiveCfg = Debug|Any CPU
		{0E988575-6800-48E3-9EBD-D5EAE3D8799B}.Debug|x64.Build.0 = Debug|Any CPU
		{0E988575-6800-48E3-9EBD-D5EAE3D8799B}.Debug|x86.ActiveCfg = Debug|Any CPU
		{0E988575-6800-48E3-9EBD-D5EAE3D8799B}.Debug|x86.Build.0 = Debug|Any CPU
		{0E988575-6800-48E3-9EBD-D5EAE3D8799B}.Release|Any CPU.ActiveCfg = Release|Any CPU
		{0E988575-6800-48E3-9EBD-D5EAE3D8799B}.Release|Any CPU.Build.0 = Release|Any CPU
		{0E988575-6800-48E3-9EBD-D5EAE3D8799B}.Release|x64.ActiveCfg = Release|Any CPU
		{0E988575-6800-48E3-9EBD-D5EAE3D8799B}.Release|x64.Build.0 = Release|Any CPU
		{0E988575-6800-48E3-9EBD-D5EAE3D8799B}.Release|x86.ActiveCfg = Release|Any CPU
		{0E988575-6800-48E3-9EBD-D5EAE3D8799B}.Release|x86.Build.0 = Release|Any CPU
		{28EF12CB-E84C-4A9B-B0B3-94794C8B1E42}.Debug|Any CPU.ActiveCfg = Debug|Any CPU
		{28EF12CB-E84C-4A9B-B0B3-94794C8B1E42}.Debug|Any CPU.Build.0 = Debug|Any CPU
		{28EF12CB-E84C-4A9B-B0B3-94794C8B1E42}.Debug|x64.ActiveCfg = Debug|Any CPU
		{28EF12CB-E84C-4A9B-B0B3-94794C8B1E42}.Debug|x64.Build.0 = Debug|Any CPU
		{28EF12CB-E84C-4A9B-B0B3-94794C8B1E42}.Debug|x86.ActiveCfg = Debug|Any CPU
		{28EF12CB-E84C-4A9B-B0B3-94794C8B1E42}.Debug|x86.Build.0 = Debug|Any CPU
		{28EF12CB-E84C-4A9B-B0B3-94794C8B1E42}.Release|Any CPU.ActiveCfg = Release|Any CPU
		{28EF12CB-E84C-4A9B-B0B3-94794C8B1E42}.Release|Any CPU.Build.0 = Release|Any CPU
		{28EF12CB-E84C-4A9B-B0B3-94794C8B1E42}.Release|x64.ActiveCfg = Release|Any CPU
		{28EF12CB-E84C-4A9B-B0B3-94794C8B1E42}.Release|x64.Build.0 = Release|Any CPU
		{28EF12CB-E84C-4A9B-B0B3-94794C8B1E42}.Release|x86.ActiveCfg = Release|Any CPU
		{28EF12CB-E84C-4A9B-B0B3-94794C8B1E42}.Release|x86.Build.0 = Release|Any CPU
		{0A634E88-360C-45EB-BF6D-8480A8579A64}.Debug|Any CPU.ActiveCfg = Debug|Any CPU
		{0A634E88-360C-45EB-BF6D-8480A8579A64}.Debug|Any CPU.Build.0 = Debug|Any CPU
		{0A634E88-360C-45EB-BF6D-8480A8579A64}.Debug|x64.ActiveCfg = Debug|Any CPU
		{0A634E88-360C-45EB-BF6D-8480A8579A64}.Debug|x64.Build.0 = Debug|Any CPU
		{0A634E88-360C-45EB-BF6D-8480A8579A64}.Debug|x86.ActiveCfg = Debug|Any CPU
		{0A634E88-360C-45EB-BF6D-8480A8579A64}.Debug|x86.Build.0 = Debug|Any CPU
		{0A634E88-360C-45EB-BF6D-8480A8579A64}.Release|Any CPU.ActiveCfg = Release|Any CPU
		{0A634E88-360C-45EB-BF6D-8480A8579A64}.Release|Any CPU.Build.0 = Release|Any CPU
		{0A634E88-360C-45EB-BF6D-8480A8579A64}.Release|x64.ActiveCfg = Release|Any CPU
		{0A634E88-360C-45EB-BF6D-8480A8579A64}.Release|x64.Build.0 = Release|Any CPU
		{0A634E88-360C-45EB-BF6D-8480A8579A64}.Release|x86.ActiveCfg = Release|Any CPU
		{0A634E88-360C-45EB-BF6D-8480A8579A64}.Release|x86.Build.0 = Release|Any CPU
		{B0D3E49D-66DD-4985-95FA-A27DFA7BA4BA}.Debug|Any CPU.ActiveCfg = Debug|Any CPU
		{B0D3E49D-66DD-4985-95FA-A27DFA7BA4BA}.Debug|Any CPU.Build.0 = Debug|Any CPU
		{B0D3E49D-66DD-4985-95FA-A27DFA7BA4BA}.Debug|x64.ActiveCfg = Debug|Any CPU
		{B0D3E49D-66DD-4985-95FA-A27DFA7BA4BA}.Debug|x64.Build.0 = Debug|Any CPU
		{B0D3E49D-66DD-4985-95FA-A27DFA7BA4BA}.Debug|x86.ActiveCfg = Debug|Any CPU
		{B0D3E49D-66DD-4985-95FA-A27DFA7BA4BA}.Debug|x86.Build.0 = Debug|Any CPU
		{B0D3E49D-66DD-4985-95FA-A27DFA7BA4BA}.Release|Any CPU.ActiveCfg = Release|Any CPU
		{B0D3E49D-66DD-4985-95FA-A27DFA7BA4BA}.Release|Any CPU.Build.0 = Release|Any CPU
		{B0D3E49D-66DD-4985-95FA-A27DFA7BA4BA}.Release|x64.ActiveCfg = Release|Any CPU
		{B0D3E49D-66DD-4985-95FA-A27DFA7BA4BA}.Release|x64.Build.0 = Release|Any CPU
		{B0D3E49D-66DD-4985-95FA-A27DFA7BA4BA}.Release|x86.ActiveCfg = Release|Any CPU
		{B0D3E49D-66DD-4985-95FA-A27DFA7BA4BA}.Release|x86.Build.0 = Release|Any CPU
		{45F78CE5-5C23-4E2E-A624-4770FE881EFE}.Debug|Any CPU.ActiveCfg = Debug|Any CPU
		{45F78CE5-5C23-4E2E-A624-4770FE881EFE}.Debug|Any CPU.Build.0 = Debug|Any CPU
		{45F78CE5-5C23-4E2E-A624-4770FE881EFE}.Debug|x64.ActiveCfg = Debug|Any CPU
		{45F78CE5-5C23-4E2E-A624-4770FE881EFE}.Debug|x64.Build.0 = Debug|Any CPU
		{45F78CE5-5C23-4E2E-A624-4770FE881EFE}.Debug|x86.ActiveCfg = Debug|Any CPU
		{45F78CE5-5C23-4E2E-A624-4770FE881EFE}.Debug|x86.Build.0 = Debug|Any CPU
		{45F78CE5-5C23-4E2E-A624-4770FE881EFE}.Release|Any CPU.ActiveCfg = Release|Any CPU
		{45F78CE5-5C23-4E2E-A624-4770FE881EFE}.Release|Any CPU.Build.0 = Release|Any CPU
		{45F78CE5-5C23-4E2E-A624-4770FE881EFE}.Release|x64.ActiveCfg = Release|Any CPU
		{45F78CE5-5C23-4E2E-A624-4770FE881EFE}.Release|x64.Build.0 = Release|Any CPU
		{45F78CE5-5C23-4E2E-A624-4770FE881EFE}.Release|x86.ActiveCfg = Release|Any CPU
		{45F78CE5-5C23-4E2E-A624-4770FE881EFE}.Release|x86.Build.0 = Release|Any CPU
		{4F2220B3-FBFD-40D4-A3EC-5C020B4E7E9B}.Debug|Any CPU.ActiveCfg = Debug|Any CPU
		{4F2220B3-FBFD-40D4-A3EC-5C020B4E7E9B}.Debug|Any CPU.Build.0 = Debug|Any CPU
		{4F2220B3-FBFD-40D4-A3EC-5C020B4E7E9B}.Debug|x64.ActiveCfg = Debug|Any CPU
		{4F2220B3-FBFD-40D4-A3EC-5C020B4E7E9B}.Debug|x64.Build.0 = Debug|Any CPU
		{4F2220B3-FBFD-40D4-A3EC-5C020B4E7E9B}.Debug|x86.ActiveCfg = Debug|Any CPU
		{4F2220B3-FBFD-40D4-A3EC-5C020B4E7E9B}.Debug|x86.Build.0 = Debug|Any CPU
		{4F2220B3-FBFD-40D4-A3EC-5C020B4E7E9B}.Release|Any CPU.ActiveCfg = Release|Any CPU
		{4F2220B3-FBFD-40D4-A3EC-5C020B4E7E9B}.Release|Any CPU.Build.0 = Release|Any CPU
		{4F2220B3-FBFD-40D4-A3EC-5C020B4E7E9B}.Release|x64.ActiveCfg = Release|Any CPU
		{4F2220B3-FBFD-40D4-A3EC-5C020B4E7E9B}.Release|x64.Build.0 = Release|Any CPU
		{4F2220B3-FBFD-40D4-A3EC-5C020B4E7E9B}.Release|x86.ActiveCfg = Release|Any CPU
		{4F2220B3-FBFD-40D4-A3EC-5C020B4E7E9B}.Release|x86.Build.0 = Release|Any CPU
		{810332B6-6AFF-48BD-865B-8578C0912798}.Debug|Any CPU.ActiveCfg = Debug|Any CPU
		{810332B6-6AFF-48BD-865B-8578C0912798}.Debug|Any CPU.Build.0 = Debug|Any CPU
		{810332B6-6AFF-48BD-865B-8578C0912798}.Debug|x64.ActiveCfg = Debug|Any CPU
		{810332B6-6AFF-48BD-865B-8578C0912798}.Debug|x64.Build.0 = Debug|Any CPU
		{810332B6-6AFF-48BD-865B-8578C0912798}.Debug|x86.ActiveCfg = Debug|Any CPU
		{810332B6-6AFF-48BD-865B-8578C0912798}.Debug|x86.Build.0 = Debug|Any CPU
		{810332B6-6AFF-48BD-865B-8578C0912798}.Release|Any CPU.ActiveCfg = Release|Any CPU
		{810332B6-6AFF-48BD-865B-8578C0912798}.Release|Any CPU.Build.0 = Release|Any CPU
		{810332B6-6AFF-48BD-865B-8578C0912798}.Release|x64.ActiveCfg = Release|Any CPU
		{810332B6-6AFF-48BD-865B-8578C0912798}.Release|x64.Build.0 = Release|Any CPU
		{810332B6-6AFF-48BD-865B-8578C0912798}.Release|x86.ActiveCfg = Release|Any CPU
		{810332B6-6AFF-48BD-865B-8578C0912798}.Release|x86.Build.0 = Release|Any CPU
		{09680A21-8FC0-4138-925C-208E6A171A92}.Debug|Any CPU.ActiveCfg = Debug|Any CPU
		{09680A21-8FC0-4138-925C-208E6A171A92}.Debug|Any CPU.Build.0 = Debug|Any CPU
		{09680A21-8FC0-4138-925C-208E6A171A92}.Debug|x64.ActiveCfg = Debug|Any CPU
		{09680A21-8FC0-4138-925C-208E6A171A92}.Debug|x64.Build.0 = Debug|Any CPU
		{09680A21-8FC0-4138-925C-208E6A171A92}.Debug|x86.ActiveCfg = Debug|Any CPU
		{09680A21-8FC0-4138-925C-208E6A171A92}.Debug|x86.Build.0 = Debug|Any CPU
		{09680A21-8FC0-4138-925C-208E6A171A92}.Release|Any CPU.ActiveCfg = Release|Any CPU
		{09680A21-8FC0-4138-925C-208E6A171A92}.Release|Any CPU.Build.0 = Release|Any CPU
		{09680A21-8FC0-4138-925C-208E6A171A92}.Release|x64.ActiveCfg = Release|Any CPU
		{09680A21-8FC0-4138-925C-208E6A171A92}.Release|x64.Build.0 = Release|Any CPU
		{09680A21-8FC0-4138-925C-208E6A171A92}.Release|x86.ActiveCfg = Release|Any CPU
		{09680A21-8FC0-4138-925C-208E6A171A92}.Release|x86.Build.0 = Release|Any CPU
		{42BA7C33-788C-415A-B0A5-ACE97CA11BAB}.Debug|Any CPU.ActiveCfg = Debug|Any CPU
		{42BA7C33-788C-415A-B0A5-ACE97CA11BAB}.Debug|Any CPU.Build.0 = Debug|Any CPU
		{42BA7C33-788C-415A-B0A5-ACE97CA11BAB}.Debug|x64.ActiveCfg = Debug|Any CPU
		{42BA7C33-788C-415A-B0A5-ACE97CA11BAB}.Debug|x64.Build.0 = Debug|Any CPU
		{42BA7C33-788C-415A-B0A5-ACE97CA11BAB}.Debug|x86.ActiveCfg = Debug|Any CPU
		{42BA7C33-788C-415A-B0A5-ACE97CA11BAB}.Debug|x86.Build.0 = Debug|Any CPU
		{42BA7C33-788C-415A-B0A5-ACE97CA11BAB}.Release|Any CPU.ActiveCfg = Release|Any CPU
		{42BA7C33-788C-415A-B0A5-ACE97CA11BAB}.Release|Any CPU.Build.0 = Release|Any CPU
		{42BA7C33-788C-415A-B0A5-ACE97CA11BAB}.Release|x64.ActiveCfg = Release|Any CPU
		{42BA7C33-788C-415A-B0A5-ACE97CA11BAB}.Release|x64.Build.0 = Release|Any CPU
		{42BA7C33-788C-415A-B0A5-ACE97CA11BAB}.Release|x86.ActiveCfg = Release|Any CPU
		{42BA7C33-788C-415A-B0A5-ACE97CA11BAB}.Release|x86.Build.0 = Release|Any CPU
		{E5D0FF7A-66EE-467C-A77A-1A0F62B6BC7C}.Debug|Any CPU.ActiveCfg = Debug|Any CPU
		{E5D0FF7A-66EE-467C-A77A-1A0F62B6BC7C}.Debug|Any CPU.Build.0 = Debug|Any CPU
		{E5D0FF7A-66EE-467C-A77A-1A0F62B6BC7C}.Debug|x64.ActiveCfg = Debug|Any CPU
		{E5D0FF7A-66EE-467C-A77A-1A0F62B6BC7C}.Debug|x64.Build.0 = Debug|Any CPU
		{E5D0FF7A-66EE-467C-A77A-1A0F62B6BC7C}.Debug|x86.ActiveCfg = Debug|Any CPU
		{E5D0FF7A-66EE-467C-A77A-1A0F62B6BC7C}.Debug|x86.Build.0 = Debug|Any CPU
		{E5D0FF7A-66EE-467C-A77A-1A0F62B6BC7C}.Release|Any CPU.ActiveCfg = Release|Any CPU
		{E5D0FF7A-66EE-467C-A77A-1A0F62B6BC7C}.Release|Any CPU.Build.0 = Release|Any CPU
		{E5D0FF7A-66EE-467C-A77A-1A0F62B6BC7C}.Release|x64.ActiveCfg = Release|Any CPU
		{E5D0FF7A-66EE-467C-A77A-1A0F62B6BC7C}.Release|x64.Build.0 = Release|Any CPU
		{E5D0FF7A-66EE-467C-A77A-1A0F62B6BC7C}.Release|x86.ActiveCfg = Release|Any CPU
		{E5D0FF7A-66EE-467C-A77A-1A0F62B6BC7C}.Release|x86.Build.0 = Release|Any CPU
		{506B31CF-742D-4111-9AD7-003DBFA67D34}.Debug|Any CPU.ActiveCfg = Debug|Any CPU
		{506B31CF-742D-4111-9AD7-003DBFA67D34}.Debug|Any CPU.Build.0 = Debug|Any CPU
		{506B31CF-742D-4111-9AD7-003DBFA67D34}.Debug|x64.ActiveCfg = Debug|Any CPU
		{506B31CF-742D-4111-9AD7-003DBFA67D34}.Debug|x64.Build.0 = Debug|Any CPU
		{506B31CF-742D-4111-9AD7-003DBFA67D34}.Debug|x86.ActiveCfg = Debug|Any CPU
		{506B31CF-742D-4111-9AD7-003DBFA67D34}.Debug|x86.Build.0 = Debug|Any CPU
		{506B31CF-742D-4111-9AD7-003DBFA67D34}.Release|Any CPU.ActiveCfg = Release|Any CPU
		{506B31CF-742D-4111-9AD7-003DBFA67D34}.Release|Any CPU.Build.0 = Release|Any CPU
		{506B31CF-742D-4111-9AD7-003DBFA67D34}.Release|x64.ActiveCfg = Release|Any CPU
		{506B31CF-742D-4111-9AD7-003DBFA67D34}.Release|x64.Build.0 = Release|Any CPU
		{506B31CF-742D-4111-9AD7-003DBFA67D34}.Release|x86.ActiveCfg = Release|Any CPU
		{506B31CF-742D-4111-9AD7-003DBFA67D34}.Release|x86.Build.0 = Release|Any CPU
		{76D43B3F-C882-4AEB-852D-4ABF83749A99}.Debug|Any CPU.ActiveCfg = Debug|Any CPU
		{76D43B3F-C882-4AEB-852D-4ABF83749A99}.Debug|Any CPU.Build.0 = Debug|Any CPU
		{76D43B3F-C882-4AEB-852D-4ABF83749A99}.Debug|x64.ActiveCfg = Debug|Any CPU
		{76D43B3F-C882-4AEB-852D-4ABF83749A99}.Debug|x64.Build.0 = Debug|Any CPU
		{76D43B3F-C882-4AEB-852D-4ABF83749A99}.Debug|x86.ActiveCfg = Debug|Any CPU
		{76D43B3F-C882-4AEB-852D-4ABF83749A99}.Debug|x86.Build.0 = Debug|Any CPU
		{76D43B3F-C882-4AEB-852D-4ABF83749A99}.Release|Any CPU.ActiveCfg = Release|Any CPU
		{76D43B3F-C882-4AEB-852D-4ABF83749A99}.Release|Any CPU.Build.0 = Release|Any CPU
		{76D43B3F-C882-4AEB-852D-4ABF83749A99}.Release|x64.ActiveCfg = Release|Any CPU
		{76D43B3F-C882-4AEB-852D-4ABF83749A99}.Release|x64.Build.0 = Release|Any CPU
		{76D43B3F-C882-4AEB-852D-4ABF83749A99}.Release|x86.ActiveCfg = Release|Any CPU
		{76D43B3F-C882-4AEB-852D-4ABF83749A99}.Release|x86.Build.0 = Release|Any CPU
		{E899FB50-82B2-4A48-8CBF-75CCEE3ACF43}.Debug|Any CPU.ActiveCfg = Debug|Any CPU
		{E899FB50-82B2-4A48-8CBF-75CCEE3ACF43}.Debug|Any CPU.Build.0 = Debug|Any CPU
		{E899FB50-82B2-4A48-8CBF-75CCEE3ACF43}.Debug|x64.ActiveCfg = Debug|Any CPU
		{E899FB50-82B2-4A48-8CBF-75CCEE3ACF43}.Debug|x64.Build.0 = Debug|Any CPU
		{E899FB50-82B2-4A48-8CBF-75CCEE3ACF43}.Debug|x86.ActiveCfg = Debug|Any CPU
		{E899FB50-82B2-4A48-8CBF-75CCEE3ACF43}.Debug|x86.Build.0 = Debug|Any CPU
		{E899FB50-82B2-4A48-8CBF-75CCEE3ACF43}.Release|Any CPU.ActiveCfg = Release|Any CPU
		{E899FB50-82B2-4A48-8CBF-75CCEE3ACF43}.Release|Any CPU.Build.0 = Release|Any CPU
		{E899FB50-82B2-4A48-8CBF-75CCEE3ACF43}.Release|x64.ActiveCfg = Release|Any CPU
		{E899FB50-82B2-4A48-8CBF-75CCEE3ACF43}.Release|x64.Build.0 = Release|Any CPU
		{E899FB50-82B2-4A48-8CBF-75CCEE3ACF43}.Release|x86.ActiveCfg = Release|Any CPU
		{E899FB50-82B2-4A48-8CBF-75CCEE3ACF43}.Release|x86.Build.0 = Release|Any CPU
		{8D29C438-46E3-4E3E-82BC-947CF455B6B1}.Debug|Any CPU.ActiveCfg = Debug|Any CPU
		{8D29C438-46E3-4E3E-82BC-947CF455B6B1}.Debug|Any CPU.Build.0 = Debug|Any CPU
		{8D29C438-46E3-4E3E-82BC-947CF455B6B1}.Debug|x64.ActiveCfg = Debug|Any CPU
		{8D29C438-46E3-4E3E-82BC-947CF455B6B1}.Debug|x64.Build.0 = Debug|Any CPU
		{8D29C438-46E3-4E3E-82BC-947CF455B6B1}.Debug|x86.ActiveCfg = Debug|Any CPU
		{8D29C438-46E3-4E3E-82BC-947CF455B6B1}.Debug|x86.Build.0 = Debug|Any CPU
		{8D29C438-46E3-4E3E-82BC-947CF455B6B1}.Release|Any CPU.ActiveCfg = Release|Any CPU
		{8D29C438-46E3-4E3E-82BC-947CF455B6B1}.Release|Any CPU.Build.0 = Release|Any CPU
		{8D29C438-46E3-4E3E-82BC-947CF455B6B1}.Release|x64.ActiveCfg = Release|Any CPU
		{8D29C438-46E3-4E3E-82BC-947CF455B6B1}.Release|x64.Build.0 = Release|Any CPU
		{8D29C438-46E3-4E3E-82BC-947CF455B6B1}.Release|x86.ActiveCfg = Release|Any CPU
		{8D29C438-46E3-4E3E-82BC-947CF455B6B1}.Release|x86.Build.0 = Release|Any CPU
		{D1FAB14B-F447-4038-A6D5-48906CF13D29}.Debug|Any CPU.ActiveCfg = Debug|Any CPU
		{D1FAB14B-F447-4038-A6D5-48906CF13D29}.Debug|Any CPU.Build.0 = Debug|Any CPU
		{D1FAB14B-F447-4038-A6D5-48906CF13D29}.Debug|x64.ActiveCfg = Debug|Any CPU
		{D1FAB14B-F447-4038-A6D5-48906CF13D29}.Debug|x64.Build.0 = Debug|Any CPU
		{D1FAB14B-F447-4038-A6D5-48906CF13D29}.Debug|x86.ActiveCfg = Debug|Any CPU
		{D1FAB14B-F447-4038-A6D5-48906CF13D29}.Debug|x86.Build.0 = Debug|Any CPU
		{D1FAB14B-F447-4038-A6D5-48906CF13D29}.Release|Any CPU.ActiveCfg = Release|Any CPU
		{D1FAB14B-F447-4038-A6D5-48906CF13D29}.Release|Any CPU.Build.0 = Release|Any CPU
		{D1FAB14B-F447-4038-A6D5-48906CF13D29}.Release|x64.ActiveCfg = Release|Any CPU
		{D1FAB14B-F447-4038-A6D5-48906CF13D29}.Release|x64.Build.0 = Release|Any CPU
		{D1FAB14B-F447-4038-A6D5-48906CF13D29}.Release|x86.ActiveCfg = Release|Any CPU
		{D1FAB14B-F447-4038-A6D5-48906CF13D29}.Release|x86.Build.0 = Release|Any CPU
		{E8EAA179-3459-4048-B1EA-1A01EA126D59}.Debug|Any CPU.ActiveCfg = Debug|Any CPU
		{E8EAA179-3459-4048-B1EA-1A01EA126D59}.Debug|Any CPU.Build.0 = Debug|Any CPU
		{E8EAA179-3459-4048-B1EA-1A01EA126D59}.Debug|x64.ActiveCfg = Debug|Any CPU
		{E8EAA179-3459-4048-B1EA-1A01EA126D59}.Debug|x64.Build.0 = Debug|Any CPU
		{E8EAA179-3459-4048-B1EA-1A01EA126D59}.Debug|x86.ActiveCfg = Debug|Any CPU
		{E8EAA179-3459-4048-B1EA-1A01EA126D59}.Debug|x86.Build.0 = Debug|Any CPU
		{E8EAA179-3459-4048-B1EA-1A01EA126D59}.Release|Any CPU.ActiveCfg = Release|Any CPU
		{E8EAA179-3459-4048-B1EA-1A01EA126D59}.Release|Any CPU.Build.0 = Release|Any CPU
		{E8EAA179-3459-4048-B1EA-1A01EA126D59}.Release|x64.ActiveCfg = Release|Any CPU
		{E8EAA179-3459-4048-B1EA-1A01EA126D59}.Release|x64.Build.0 = Release|Any CPU
		{E8EAA179-3459-4048-B1EA-1A01EA126D59}.Release|x86.ActiveCfg = Release|Any CPU
		{E8EAA179-3459-4048-B1EA-1A01EA126D59}.Release|x86.Build.0 = Release|Any CPU
		{C2D660C7-1BA8-42C7-8096-C4CF6880ED7B}.Debug|Any CPU.ActiveCfg = Debug|Any CPU
		{C2D660C7-1BA8-42C7-8096-C4CF6880ED7B}.Debug|Any CPU.Build.0 = Debug|Any CPU
		{C2D660C7-1BA8-42C7-8096-C4CF6880ED7B}.Debug|x64.ActiveCfg = Debug|Any CPU
		{C2D660C7-1BA8-42C7-8096-C4CF6880ED7B}.Debug|x64.Build.0 = Debug|Any CPU
		{C2D660C7-1BA8-42C7-8096-C4CF6880ED7B}.Debug|x86.ActiveCfg = Debug|Any CPU
		{C2D660C7-1BA8-42C7-8096-C4CF6880ED7B}.Debug|x86.Build.0 = Debug|Any CPU
		{C2D660C7-1BA8-42C7-8096-C4CF6880ED7B}.Release|Any CPU.ActiveCfg = Release|Any CPU
		{C2D660C7-1BA8-42C7-8096-C4CF6880ED7B}.Release|Any CPU.Build.0 = Release|Any CPU
		{C2D660C7-1BA8-42C7-8096-C4CF6880ED7B}.Release|x64.ActiveCfg = Release|Any CPU
		{C2D660C7-1BA8-42C7-8096-C4CF6880ED7B}.Release|x64.Build.0 = Release|Any CPU
		{C2D660C7-1BA8-42C7-8096-C4CF6880ED7B}.Release|x86.ActiveCfg = Release|Any CPU
		{C2D660C7-1BA8-42C7-8096-C4CF6880ED7B}.Release|x86.Build.0 = Release|Any CPU
		{91886627-50BC-4FA5-BE91-89A752A16E57}.Debug|Any CPU.ActiveCfg = Debug|Any CPU
		{91886627-50BC-4FA5-BE91-89A752A16E57}.Debug|Any CPU.Build.0 = Debug|Any CPU
		{91886627-50BC-4FA5-BE91-89A752A16E57}.Debug|x64.ActiveCfg = Debug|Any CPU
		{91886627-50BC-4FA5-BE91-89A752A16E57}.Debug|x64.Build.0 = Debug|Any CPU
		{91886627-50BC-4FA5-BE91-89A752A16E57}.Debug|x86.ActiveCfg = Debug|Any CPU
		{91886627-50BC-4FA5-BE91-89A752A16E57}.Debug|x86.Build.0 = Debug|Any CPU
		{91886627-50BC-4FA5-BE91-89A752A16E57}.Release|Any CPU.ActiveCfg = Release|Any CPU
		{91886627-50BC-4FA5-BE91-89A752A16E57}.Release|Any CPU.Build.0 = Release|Any CPU
		{91886627-50BC-4FA5-BE91-89A752A16E57}.Release|x64.ActiveCfg = Release|Any CPU
		{91886627-50BC-4FA5-BE91-89A752A16E57}.Release|x64.Build.0 = Release|Any CPU
		{91886627-50BC-4FA5-BE91-89A752A16E57}.Release|x86.ActiveCfg = Release|Any CPU
		{91886627-50BC-4FA5-BE91-89A752A16E57}.Release|x86.Build.0 = Release|Any CPU
		{CD8AFEBA-DD90-4E01-B807-038F8411D14B}.Debug|Any CPU.ActiveCfg = Debug|Any CPU
		{CD8AFEBA-DD90-4E01-B807-038F8411D14B}.Debug|Any CPU.Build.0 = Debug|Any CPU
		{CD8AFEBA-DD90-4E01-B807-038F8411D14B}.Debug|x64.ActiveCfg = Debug|Any CPU
		{CD8AFEBA-DD90-4E01-B807-038F8411D14B}.Debug|x64.Build.0 = Debug|Any CPU
		{CD8AFEBA-DD90-4E01-B807-038F8411D14B}.Debug|x86.ActiveCfg = Debug|Any CPU
		{CD8AFEBA-DD90-4E01-B807-038F8411D14B}.Debug|x86.Build.0 = Debug|Any CPU
		{CD8AFEBA-DD90-4E01-B807-038F8411D14B}.Release|Any CPU.ActiveCfg = Release|Any CPU
		{CD8AFEBA-DD90-4E01-B807-038F8411D14B}.Release|Any CPU.Build.0 = Release|Any CPU
		{CD8AFEBA-DD90-4E01-B807-038F8411D14B}.Release|x64.ActiveCfg = Release|Any CPU
		{CD8AFEBA-DD90-4E01-B807-038F8411D14B}.Release|x64.Build.0 = Release|Any CPU
		{CD8AFEBA-DD90-4E01-B807-038F8411D14B}.Release|x86.ActiveCfg = Release|Any CPU
		{CD8AFEBA-DD90-4E01-B807-038F8411D14B}.Release|x86.Build.0 = Release|Any CPU
	EndGlobalSection
	GlobalSection(SolutionProperties) = preSolution
		HideSolutionNode = FALSE
	EndGlobalSection
	GlobalSection(NestedProjects) = preSolution
		{8A784EA6-73A9-4EA9-BE7A-FF535EBA6832} = {8413965D-1EB7-4505-BC07-907E550C9A04}
		{1EB44A91-11CE-4118-84D9-F3FF85CA5A77} = {8413965D-1EB7-4505-BC07-907E550C9A04}
		{66EAB6AE-80F1-453B-BCAE-1630CE24D3FC} = {8413965D-1EB7-4505-BC07-907E550C9A04}
		{1E21D4C6-6F3A-427F-B8AC-838D08B9AE68} = {8413965D-1EB7-4505-BC07-907E550C9A04}
		{6B73EA4E-6DDD-404D-B040-FFF8D89E9EA6} = {8413965D-1EB7-4505-BC07-907E550C9A04}
		{2EE6F8CE-0C91-4CE7-8C19-EA3EC69355DA} = {8413965D-1EB7-4505-BC07-907E550C9A04}
		{68607E88-1CB1-4B1F-A7FB-29358E6BDC32} = {8413965D-1EB7-4505-BC07-907E550C9A04}
		{CB7DB604-29B2-4BFC-A447-675B7EA85340} = {8413965D-1EB7-4505-BC07-907E550C9A04}
		{91982A51-A1E1-4080-AF33-5A20151CED47} = {8413965D-1EB7-4505-BC07-907E550C9A04}
		{119AA87D-3892-4D1A-B76E-4C3F77286B04} = {8413965D-1EB7-4505-BC07-907E550C9A04}
		{6ADE2B7F-7235-4639-8CDA-D25AB2565C8B} = {8413965D-1EB7-4505-BC07-907E550C9A04}
		{DF0C4AF3-9F00-4DBA-A475-21AD23350119} = {8413965D-1EB7-4505-BC07-907E550C9A04}
		{DE674976-1575-44A5-8BBE-8643F9102B69} = {8413965D-1EB7-4505-BC07-907E550C9A04}
		{D6AC9DF3-478B-4378-B137-F974A99432C5} = {8413965D-1EB7-4505-BC07-907E550C9A04}
		{DF8E7E7B-E9AA-49DF-9AE0-1101AB51FB9E} = {8413965D-1EB7-4505-BC07-907E550C9A04}
		{D7107311-6EA1-4FE8-B041-8CD4C0DAE846} = {8413965D-1EB7-4505-BC07-907E550C9A04}
		{FC575F5D-0D58-40BD-BD9E-F2FCB839BF36} = {8413965D-1EB7-4505-BC07-907E550C9A04}
		{EE0FF9BE-CA05-4F8E-89FD-34F3DA869D9E} = {8413965D-1EB7-4505-BC07-907E550C9A04}
		{483731C1-F19E-4EF0-80F5-35480273CB51} = {8413965D-1EB7-4505-BC07-907E550C9A04}
		{1906D01B-A861-433B-8399-12D2549A0F2D} = {8413965D-1EB7-4505-BC07-907E550C9A04}
		{4E6AA159-8699-4B8D-B0CA-CEFD23B94109} = {8413965D-1EB7-4505-BC07-907E550C9A04}
		{33E45B57-E649-449F-8E3E-99CF8F8D7AE6} = {8413965D-1EB7-4505-BC07-907E550C9A04}
		{27301B63-6F26-4085-80A2-B128057347B4} = {8413965D-1EB7-4505-BC07-907E550C9A04}
		{31561446-B8E2-4A5B-B180-D06CD24CF569} = {8413965D-1EB7-4505-BC07-907E550C9A04}
		{12ECF498-6C75-4909-80D8-69A547EE2181} = {8413965D-1EB7-4505-BC07-907E550C9A04}
		{B3DD5AF9-BD69-460A-B1D1-08F0964A0EEC} = {8413965D-1EB7-4505-BC07-907E550C9A04}
		{45CD8642-DC71-4D10-95F3-CC3583A6DA1A} = {8413965D-1EB7-4505-BC07-907E550C9A04}
		{6B4F0CF9-3BE3-4429-BBB1-6BF36AA64D8C} = {8413965D-1EB7-4505-BC07-907E550C9A04}
		{9E5CCD75-98B5-41F2-AB59-77A4FB20F068} = {8413965D-1EB7-4505-BC07-907E550C9A04}
		{2AB52865-D51C-428A-A4C3-DC3223E5ACA3} = {8413965D-1EB7-4505-BC07-907E550C9A04}
		{FCF4CCED-41FB-4F32-BECA-01AC5E094380} = {8413965D-1EB7-4505-BC07-907E550C9A04}
		{7A5328A2-7C8F-4CB1-8D20-C66B26E07D2B} = {8413965D-1EB7-4505-BC07-907E550C9A04}
		{20C76638-8F59-48A5-9CFE-CBF921E4927A} = {8413965D-1EB7-4505-BC07-907E550C9A04}
		{C04AFC28-3A1B-49DD-B72F-3E7182BE4CC1} = {8413965D-1EB7-4505-BC07-907E550C9A04}
		{36F76BBF-D6EB-4661-A0A7-F2A5B1316218} = {8413965D-1EB7-4505-BC07-907E550C9A04}
		{CBB90FD0-3A65-4E0E-A90A-2C927948A59D} = {8413965D-1EB7-4505-BC07-907E550C9A04}
		{A87BAFEE-95B2-45F9-BB4C-9A098F07826F} = {8413965D-1EB7-4505-BC07-907E550C9A04}
		{8D51DADD-9D19-4D5E-9702-778F907557DF} = {8413965D-1EB7-4505-BC07-907E550C9A04}
		{E579EBD4-E5BA-4852-B49D-53C3C6120F81} = {8413965D-1EB7-4505-BC07-907E550C9A04}
		{28EA7B60-1D86-4D30-9146-562EAFCE75CA} = {8413965D-1EB7-4505-BC07-907E550C9A04}
		{EC2657B8-59A7-403D-B6FA-07457CA1674B} = {8413965D-1EB7-4505-BC07-907E550C9A04}
		{6D2866EB-8F2E-4291-BBAF-B3CB71D93C88} = {8413965D-1EB7-4505-BC07-907E550C9A04}
		{CFCDEEC9-0D3B-4769-867E-8E971BFF9C31} = {8413965D-1EB7-4505-BC07-907E550C9A04}
		{C7EB5B28-272A-4429-A16F-D09D3272E21D} = {8413965D-1EB7-4505-BC07-907E550C9A04}
		{84CDF5B2-3290-47EB-9C42-E36E105F0428} = {8413965D-1EB7-4505-BC07-907E550C9A04}
		{697101E8-668B-4FA8-93E6-6BC8EEC8C8DD} = {8413965D-1EB7-4505-BC07-907E550C9A04}
		{0E988575-6800-48E3-9EBD-D5EAE3D8799B} = {8413965D-1EB7-4505-BC07-907E550C9A04}
		{28EF12CB-E84C-4A9B-B0B3-94794C8B1E42} = {8413965D-1EB7-4505-BC07-907E550C9A04}
		{0A634E88-360C-45EB-BF6D-8480A8579A64} = {8413965D-1EB7-4505-BC07-907E550C9A04}
		{B0D3E49D-66DD-4985-95FA-A27DFA7BA4BA} = {8413965D-1EB7-4505-BC07-907E550C9A04}
		{45F78CE5-5C23-4E2E-A624-4770FE881EFE} = {8413965D-1EB7-4505-BC07-907E550C9A04}
		{4F2220B3-FBFD-40D4-A3EC-5C020B4E7E9B} = {8413965D-1EB7-4505-BC07-907E550C9A04}
		{810332B6-6AFF-48BD-865B-8578C0912798} = {8413965D-1EB7-4505-BC07-907E550C9A04}
		{09680A21-8FC0-4138-925C-208E6A171A92} = {8413965D-1EB7-4505-BC07-907E550C9A04}
		{42BA7C33-788C-415A-B0A5-ACE97CA11BAB} = {8413965D-1EB7-4505-BC07-907E550C9A04}
		{E5D0FF7A-66EE-467C-A77A-1A0F62B6BC7C} = {8413965D-1EB7-4505-BC07-907E550C9A04}
		{506B31CF-742D-4111-9AD7-003DBFA67D34} = {8413965D-1EB7-4505-BC07-907E550C9A04}
		{76D43B3F-C882-4AEB-852D-4ABF83749A99} = {8413965D-1EB7-4505-BC07-907E550C9A04}
		{E899FB50-82B2-4A48-8CBF-75CCEE3ACF43} = {8413965D-1EB7-4505-BC07-907E550C9A04}
		{8D29C438-46E3-4E3E-82BC-947CF455B6B1} = {8413965D-1EB7-4505-BC07-907E550C9A04}
		{D1FAB14B-F447-4038-A6D5-48906CF13D29} = {8413965D-1EB7-4505-BC07-907E550C9A04}
		{E8EAA179-3459-4048-B1EA-1A01EA126D59} = {8413965D-1EB7-4505-BC07-907E550C9A04}
		{C2D660C7-1BA8-42C7-8096-C4CF6880ED7B} = {8413965D-1EB7-4505-BC07-907E550C9A04}
		{91886627-50BC-4FA5-BE91-89A752A16E57} = {8413965D-1EB7-4505-BC07-907E550C9A04}
		{CD8AFEBA-DD90-4E01-B807-038F8411D14B} = {8413965D-1EB7-4505-BC07-907E550C9A04}
	EndGlobalSection
	GlobalSection(ExtensibilityGlobals) = postSolution
		SolutionGuid = {D1C9FA25-CF89-4BF9-B010-18E7925AF195}
	EndGlobalSection
EndGlobal
